// !$*UTF8*$!
{
	archiveVersion = 1;
	classes = {
	};
	objectVersion = 46;
	objects = {

/* Begin PBXBuildFile section */
		2460E3EA1D459F050078A420 /* Battleship.png in Resources */ = {isa = PBXBuildFile; fileRef = 2460E3A71D459F050078A420 /* Battleship.png */; };
		2460E3EB1D459F050078A420 /* BattleshipWhite.png in Resources */ = {isa = PBXBuildFile; fileRef = 2460E3A81D459F050078A420 /* BattleshipWhite.png */; };
		2460E3EC1D459F050078A420 /* BattleshipWhite.pxm in Resources */ = {isa = PBXBuildFile; fileRef = 2460E3A91D459F050078A420 /* BattleshipWhite.pxm */; };
		2460E3ED1D459F050078A420 /* Carrier.png in Resources */ = {isa = PBXBuildFile; fileRef = 2460E3AA1D459F050078A420 /* Carrier.png */; };
		2460E3EE1D459F050078A420 /* CarrierWhite.png in Resources */ = {isa = PBXBuildFile; fileRef = 2460E3AB1D459F050078A420 /* CarrierWhite.png */; };
		2460E3EF1D459F050078A420 /* controlPanel.png in Resources */ = {isa = PBXBuildFile; fileRef = 2460E3AC1D459F050078A420 /* controlPanel.png */; };
		2460E3F01D459F050078A420 /* controlPanel.pxm in Resources */ = {isa = PBXBuildFile; fileRef = 2460E3AD1D459F050078A420 /* controlPanel.pxm */; };
		2460E3F11D459F050078A420 /* Cruiser.png in Resources */ = {isa = PBXBuildFile; fileRef = 2460E3AE1D459F050078A420 /* Cruiser.png */; };
		2460E3F21D459F050078A420 /* CruiserWhite.png in Resources */ = {isa = PBXBuildFile; fileRef = 2460E3AF1D459F050078A420 /* CruiserWhite.png */; };
		2460E3F31D459F050078A420 /* Destroyer.png in Resources */ = {isa = PBXBuildFile; fileRef = 2460E3B01D459F050078A420 /* Destroyer.png */; };
		2460E3F41D459F050078A420 /* destroyerCell.png in Resources */ = {isa = PBXBuildFile; fileRef = 2460E3B11D459F050078A420 /* destroyerCell.png */; };
		2460E3F51D459F050078A420 /* destroyerCellFireLight.png in Resources */ = {isa = PBXBuildFile; fileRef = 2460E3B21D459F050078A420 /* destroyerCellFireLight.png */; };
		2460E3F61D459F050078A420 /* destroyerCellLight.png in Resources */ = {isa = PBXBuildFile; fileRef = 2460E3B31D459F050078A420 /* destroyerCellLight.png */; };
		2460E3F71D459F050078A420 /* destroyerCellLightDown.png in Resources */ = {isa = PBXBuildFile; fileRef = 2460E3B41D459F050078A420 /* destroyerCellLightDown.png */; };
		2460E3F81D459F050078A420 /* destroyerDown.png in Resources */ = {isa = PBXBuildFile; fileRef = 2460E3B51D459F050078A420 /* destroyerDown.png */; };
		2460E3F91D459F050078A420 /* DestroyerFireDark.png in Resources */ = {isa = PBXBuildFile; fileRef = 2460E3B61D459F050078A420 /* DestroyerFireDark.png */; };
		2460E3FA1D459F050078A420 /* DestroyerFireDarkDown.png in Resources */ = {isa = PBXBuildFile; fileRef = 2460E3B71D459F050078A420 /* DestroyerFireDarkDown.png */; };
		2460E3FB1D459F050078A420 /* DestroyerFireLightDown.png in Resources */ = {isa = PBXBuildFile; fileRef = 2460E3B81D459F050078A420 /* DestroyerFireLightDown.png */; };
		2460E3FC1D459F050078A420 /* DestroyerWhite.png in Resources */ = {isa = PBXBuildFile; fileRef = 2460E3B91D459F050078A420 /* DestroyerWhite.png */; };
		2460E3FD1D459F050078A420 /* fireCell.png in Resources */ = {isa = PBXBuildFile; fileRef = 2460E3BA1D459F050078A420 /* fireCell.png */; };
		2460E3FE1D459F050078A420 /* fireCell.pxm in Resources */ = {isa = PBXBuildFile; fileRef = 2460E3BB1D459F050078A420 /* fireCell.pxm */; };
		2460E3FF1D459F050078A420 /* firePointDark.png in Resources */ = {isa = PBXBuildFile; fileRef = 2460E3BC1D459F050078A420 /* firePointDark.png */; };
		2460E4001D459F050078A420 /* firePointDarkDown.png in Resources */ = {isa = PBXBuildFile; fileRef = 2460E3BD1D459F050078A420 /* firePointDarkDown.png */; };
		2460E4011D459F050078A420 /* firePointLight.png in Resources */ = {isa = PBXBuildFile; fileRef = 2460E3BE1D459F050078A420 /* firePointLight.png */; };
		2460E4021D459F050078A420 /* firePointLightDown.png in Resources */ = {isa = PBXBuildFile; fileRef = 2460E3BF1D459F050078A420 /* firePointLightDown.png */; };
		2460E4031D459F050078A420 /* fireRoundDark.png in Resources */ = {isa = PBXBuildFile; fileRef = 2460E3C01D459F050078A420 /* fireRoundDark.png */; };
		2460E4041D459F050078A420 /* fireRoundDarkDown.png in Resources */ = {isa = PBXBuildFile; fileRef = 2460E3C11D459F050078A420 /* fireRoundDarkDown.png */; };
		2460E4051D459F050078A420 /* fireRoundDarkRight.png in Resources */ = {isa = PBXBuildFile; fileRef = 2460E3C21D459F050078A420 /* fireRoundDarkRight.png */; };
		2460E4061D459F050078A420 /* fireRoundDarkUp.png in Resources */ = {isa = PBXBuildFile; fileRef = 2460E3C31D459F050078A420 /* fireRoundDarkUp.png */; };
		2460E4071D459F050078A420 /* fireRoundLight.png in Resources */ = {isa = PBXBuildFile; fileRef = 2460E3C41D459F050078A420 /* fireRoundLight.png */; };
		2460E4081D459F050078A420 /* fireRoundLightDown.png in Resources */ = {isa = PBXBuildFile; fileRef = 2460E3C51D459F050078A420 /* fireRoundLightDown.png */; };
		2460E4091D459F050078A420 /* fireRoundLightLeft.png in Resources */ = {isa = PBXBuildFile; fileRef = 2460E3C61D459F050078A420 /* fireRoundLightLeft.png */; };
		2460E40A1D459F050078A420 /* fireRoundLightRight.png in Resources */ = {isa = PBXBuildFile; fileRef = 2460E3C71D459F050078A420 /* fireRoundLightRight.png */; };
		2460E40B1D459F050078A420 /* fireRoundLightUp.png in Resources */ = {isa = PBXBuildFile; fileRef = 2460E3C81D459F050078A420 /* fireRoundLightUp.png */; };
		2460E40C1D459F050078A420 /* line.png in Resources */ = {isa = PBXBuildFile; fileRef = 2460E3C91D459F050078A420 /* line.png */; };
		2460E40D1D459F050078A420 /* lol.png in Resources */ = {isa = PBXBuildFile; fileRef = 2460E3CA1D459F050078A420 /* lol.png */; };
		2460E40E1D459F050078A420 /* rocks.png in Resources */ = {isa = PBXBuildFile; fileRef = 2460E3CB1D459F050078A420 /* rocks.png */; };
		2460E40F1D459F050078A420 /* rocks2.png in Resources */ = {isa = PBXBuildFile; fileRef = 2460E3CC1D459F050078A420 /* rocks2.png */; };
		2460E4101D459F050078A420 /* rocksHalfSubmerged.png in Resources */ = {isa = PBXBuildFile; fileRef = 2460E3CD1D459F050078A420 /* rocksHalfSubmerged.png */; };
		2460E4111D459F050078A420 /* roundDarkDown.png in Resources */ = {isa = PBXBuildFile; fileRef = 2460E3CE1D459F050078A420 /* roundDarkDown.png */; };
		2460E4121D459F050078A420 /* roundDarkLeft.png in Resources */ = {isa = PBXBuildFile; fileRef = 2460E3CF1D459F050078A420 /* roundDarkLeft.png */; };
		2460E4131D459F050078A420 /* roundDarkRight.png in Resources */ = {isa = PBXBuildFile; fileRef = 2460E3D01D459F050078A420 /* roundDarkRight.png */; };
		2460E4141D459F050078A420 /* roundDarkUp.png in Resources */ = {isa = PBXBuildFile; fileRef = 2460E3D11D459F050078A420 /* roundDarkUp.png */; };
		2460E4151D459F050078A420 /* roundLightDown.png in Resources */ = {isa = PBXBuildFile; fileRef = 2460E3D21D459F050078A420 /* roundLightDown.png */; };
		2460E4161D459F050078A420 /* roundLightLeft.png in Resources */ = {isa = PBXBuildFile; fileRef = 2460E3D31D459F050078A420 /* roundLightLeft.png */; };
		2460E4171D459F050078A420 /* roundLightRight.png in Resources */ = {isa = PBXBuildFile; fileRef = 2460E3D41D459F050078A420 /* roundLightRight.png */; };
		2460E4181D459F050078A420 /* roundLightUp.png in Resources */ = {isa = PBXBuildFile; fileRef = 2460E3D51D459F050078A420 /* roundLightUp.png */; };
		2460E4191D459F050078A420 /* ShipCell.png in Resources */ = {isa = PBXBuildFile; fileRef = 2460E3D61D459F050078A420 /* ShipCell.png */; };
		2460E41A1D459F050078A420 /* ShipCell.pxm in Resources */ = {isa = PBXBuildFile; fileRef = 2460E3D71D459F050078A420 /* ShipCell.pxm */; };
		2460E41B1D459F050078A420 /* shipCellPointDark.png in Resources */ = {isa = PBXBuildFile; fileRef = 2460E3D81D459F050078A420 /* shipCellPointDark.png */; };
		2460E41C1D459F050078A420 /* shipCellPointDarkDown.png in Resources */ = {isa = PBXBuildFile; fileRef = 2460E3D91D459F050078A420 /* shipCellPointDarkDown.png */; };
		2460E41D1D459F050078A420 /* shipCellPointLight.png in Resources */ = {isa = PBXBuildFile; fileRef = 2460E3DA1D459F050078A420 /* shipCellPointLight.png */; };
		2460E41E1D459F050078A420 /* shipCellPointLightDown.png in Resources */ = {isa = PBXBuildFile; fileRef = 2460E3DB1D459F050078A420 /* shipCellPointLightDown.png */; };
		2460E41F1D459F050078A420 /* ShipCellRounded.pxm in Resources */ = {isa = PBXBuildFile; fileRef = 2460E3DC1D459F050078A420 /* ShipCellRounded.pxm */; };
		2460E4201D459F050078A420 /* ShipCellWithFire.pxm in Resources */ = {isa = PBXBuildFile; fileRef = 2460E3DD1D459F050078A420 /* ShipCellWithFire.pxm */; };
		2460E4211D459F050078A420 /* smoke.png in Resources */ = {isa = PBXBuildFile; fileRef = 2460E3DE1D459F050078A420 /* smoke.png */; };
		2460E4221D459F050078A420 /* smokeDarkWater.png in Resources */ = {isa = PBXBuildFile; fileRef = 2460E3DF1D459F050078A420 /* smokeDarkWater.png */; };
		2460E4231D459F050078A420 /* Submarine.png in Resources */ = {isa = PBXBuildFile; fileRef = 2460E3E01D459F050078A420 /* Submarine.png */; };
		2460E4241D459F050078A420 /* SubmarineCell1.png in Resources */ = {isa = PBXBuildFile; fileRef = 2460E3E11D459F050078A420 /* SubmarineCell1.png */; };
		2460E4251D459F050078A420 /* SubmarineCell2.png in Resources */ = {isa = PBXBuildFile; fileRef = 2460E3E21D459F050078A420 /* SubmarineCell2.png */; };
		2460E4261D459F050078A420 /* SubmarineCell3.png in Resources */ = {isa = PBXBuildFile; fileRef = 2460E3E31D459F050078A420 /* SubmarineCell3.png */; };
		2460E4271D459F050078A420 /* SubmarineWhite.png in Resources */ = {isa = PBXBuildFile; fileRef = 2460E3E41D459F050078A420 /* SubmarineWhite.png */; };
		2460E4281D459F050078A420 /* WaterCell.png in Resources */ = {isa = PBXBuildFile; fileRef = 2460E3E51D459F050078A420 /* WaterCell.png */; };
		2460E4291D459F050078A420 /* WaterCell.pxm in Resources */ = {isa = PBXBuildFile; fileRef = 2460E3E61D459F050078A420 /* WaterCell.pxm */; };
		2460E42A1D459F050078A420 /* WaterCellAxis2.png in Resources */ = {isa = PBXBuildFile; fileRef = 2460E3E71D459F050078A420 /* WaterCellAxis2.png */; };
		2460E42B1D459F050078A420 /* WaterCellWithDestroyer.pxm in Resources */ = {isa = PBXBuildFile; fileRef = 2460E3E81D459F050078A420 /* WaterCellWithDestroyer.pxm */; };
		2460E42C1D459F050078A420 /* waterRocks.pxm in Resources */ = {isa = PBXBuildFile; fileRef = 2460E3E91D459F050078A420 /* waterRocks.pxm */; };
		247D61871D1F636800598D29 /* AppDelegate.swift in Sources */ = {isa = PBXBuildFile; fileRef = 247D61861D1F636800598D29 /* AppDelegate.swift */; };
		247D61891D1F636800598D29 /* ViewController.swift in Sources */ = {isa = PBXBuildFile; fileRef = 247D61881D1F636800598D29 /* ViewController.swift */; };
		247D618C1D1F636800598D29 /* Main.storyboard in Resources */ = {isa = PBXBuildFile; fileRef = 247D618A1D1F636800598D29 /* Main.storyboard */; };
		247D618E1D1F636800598D29 /* Assets.xcassets in Resources */ = {isa = PBXBuildFile; fileRef = 247D618D1D1F636800598D29 /* Assets.xcassets */; };
		247D61911D1F636800598D29 /* LaunchScreen.storyboard in Resources */ = {isa = PBXBuildFile; fileRef = 247D618F1D1F636800598D29 /* LaunchScreen.storyboard */; };
		247D619C1D1F636800598D29 /* BattleshipTests.swift in Sources */ = {isa = PBXBuildFile; fileRef = 247D619B1D1F636800598D29 /* BattleshipTests.swift */; };
		247D61A71D1F636800598D29 /* BattleshipUITests.swift in Sources */ = {isa = PBXBuildFile; fileRef = 247D61A61D1F636800598D29 /* BattleshipUITests.swift */; };
		24A2F8CD1D20251F0048CF7D /* BattleshipEngine.swift in Sources */ = {isa = PBXBuildFile; fileRef = 24A2F8CC1D20251F0048CF7D /* BattleshipEngine.swift */; };
/* End PBXBuildFile section */

/* Begin PBXContainerItemProxy section */
		247D61981D1F636800598D29 /* PBXContainerItemProxy */ = {
			isa = PBXContainerItemProxy;
			containerPortal = 247D617B1D1F636800598D29 /* Project object */;
			proxyType = 1;
			remoteGlobalIDString = 247D61821D1F636800598D29;
			remoteInfo = Battleship;
		};
		247D61A31D1F636800598D29 /* PBXContainerItemProxy */ = {
			isa = PBXContainerItemProxy;
			containerPortal = 247D617B1D1F636800598D29 /* Project object */;
			proxyType = 1;
			remoteGlobalIDString = 247D61821D1F636800598D29;
			remoteInfo = Battleship;
		};
/* End PBXContainerItemProxy section */

/* Begin PBXFileReference section */
		2460E3A71D459F050078A420 /* Battleship.png */ = {isa = PBXFileReference; lastKnownFileType = image.png; path = Battleship.png; sourceTree = SOURCE_ROOT; };
		2460E3A81D459F050078A420 /* BattleshipWhite.png */ = {isa = PBXFileReference; lastKnownFileType = image.png; path = BattleshipWhite.png; sourceTree = SOURCE_ROOT; };
		2460E3A91D459F050078A420 /* BattleshipWhite.pxm */ = {isa = PBXFileReference; lastKnownFileType = file; path = BattleshipWhite.pxm; sourceTree = SOURCE_ROOT; };
		2460E3AA1D459F050078A420 /* Carrier.png */ = {isa = PBXFileReference; lastKnownFileType = image.png; path = Carrier.png; sourceTree = SOURCE_ROOT; };
		2460E3AB1D459F050078A420 /* CarrierWhite.png */ = {isa = PBXFileReference; lastKnownFileType = image.png; path = CarrierWhite.png; sourceTree = SOURCE_ROOT; };
		2460E3AC1D459F050078A420 /* controlPanel.png */ = {isa = PBXFileReference; lastKnownFileType = image.png; path = controlPanel.png; sourceTree = SOURCE_ROOT; };
		2460E3AD1D459F050078A420 /* controlPanel.pxm */ = {isa = PBXFileReference; lastKnownFileType = file; path = controlPanel.pxm; sourceTree = SOURCE_ROOT; };
		2460E3AE1D459F050078A420 /* Cruiser.png */ = {isa = PBXFileReference; lastKnownFileType = image.png; path = Cruiser.png; sourceTree = SOURCE_ROOT; };
		2460E3AF1D459F050078A420 /* CruiserWhite.png */ = {isa = PBXFileReference; lastKnownFileType = image.png; path = CruiserWhite.png; sourceTree = SOURCE_ROOT; };
		2460E3B01D459F050078A420 /* Destroyer.png */ = {isa = PBXFileReference; lastKnownFileType = image.png; path = Destroyer.png; sourceTree = SOURCE_ROOT; };
		2460E3B11D459F050078A420 /* destroyerCell.png */ = {isa = PBXFileReference; lastKnownFileType = image.png; path = destroyerCell.png; sourceTree = SOURCE_ROOT; };
		2460E3B21D459F050078A420 /* destroyerCellFireLight.png */ = {isa = PBXFileReference; lastKnownFileType = image.png; path = destroyerCellFireLight.png; sourceTree = SOURCE_ROOT; };
		2460E3B31D459F050078A420 /* destroyerCellLight.png */ = {isa = PBXFileReference; lastKnownFileType = image.png; path = destroyerCellLight.png; sourceTree = SOURCE_ROOT; };
		2460E3B41D459F050078A420 /* destroyerCellLightDown.png */ = {isa = PBXFileReference; lastKnownFileType = image.png; path = destroyerCellLightDown.png; sourceTree = SOURCE_ROOT; };
		2460E3B51D459F050078A420 /* destroyerDown.png */ = {isa = PBXFileReference; lastKnownFileType = image.png; path = destroyerDown.png; sourceTree = SOURCE_ROOT; };
		2460E3B61D459F050078A420 /* DestroyerFireDark.png */ = {isa = PBXFileReference; lastKnownFileType = image.png; path = DestroyerFireDark.png; sourceTree = SOURCE_ROOT; };
		2460E3B71D459F050078A420 /* DestroyerFireDarkDown.png */ = {isa = PBXFileReference; lastKnownFileType = image.png; path = DestroyerFireDarkDown.png; sourceTree = SOURCE_ROOT; };
		2460E3B81D459F050078A420 /* DestroyerFireLightDown.png */ = {isa = PBXFileReference; lastKnownFileType = image.png; path = DestroyerFireLightDown.png; sourceTree = SOURCE_ROOT; };
		2460E3B91D459F050078A420 /* DestroyerWhite.png */ = {isa = PBXFileReference; lastKnownFileType = image.png; path = DestroyerWhite.png; sourceTree = SOURCE_ROOT; };
		2460E3BA1D459F050078A420 /* fireCell.png */ = {isa = PBXFileReference; lastKnownFileType = image.png; path = fireCell.png; sourceTree = SOURCE_ROOT; };
		2460E3BB1D459F050078A420 /* fireCell.pxm */ = {isa = PBXFileReference; lastKnownFileType = file; path = fireCell.pxm; sourceTree = SOURCE_ROOT; };
		2460E3BC1D459F050078A420 /* firePointDark.png */ = {isa = PBXFileReference; lastKnownFileType = image.png; path = firePointDark.png; sourceTree = SOURCE_ROOT; };
		2460E3BD1D459F050078A420 /* firePointDarkDown.png */ = {isa = PBXFileReference; lastKnownFileType = image.png; path = firePointDarkDown.png; sourceTree = SOURCE_ROOT; };
		2460E3BE1D459F050078A420 /* firePointLight.png */ = {isa = PBXFileReference; lastKnownFileType = image.png; path = firePointLight.png; sourceTree = SOURCE_ROOT; };
		2460E3BF1D459F050078A420 /* firePointLightDown.png */ = {isa = PBXFileReference; lastKnownFileType = image.png; path = firePointLightDown.png; sourceTree = SOURCE_ROOT; };
		2460E3C01D459F050078A420 /* fireRoundDark.png */ = {isa = PBXFileReference; lastKnownFileType = image.png; path = fireRoundDark.png; sourceTree = SOURCE_ROOT; };
		2460E3C11D459F050078A420 /* fireRoundDarkDown.png */ = {isa = PBXFileReference; lastKnownFileType = image.png; path = fireRoundDarkDown.png; sourceTree = SOURCE_ROOT; };
		2460E3C21D459F050078A420 /* fireRoundDarkRight.png */ = {isa = PBXFileReference; lastKnownFileType = image.png; path = fireRoundDarkRight.png; sourceTree = SOURCE_ROOT; };
		2460E3C31D459F050078A420 /* fireRoundDarkUp.png */ = {isa = PBXFileReference; lastKnownFileType = image.png; path = fireRoundDarkUp.png; sourceTree = SOURCE_ROOT; };
		2460E3C41D459F050078A420 /* fireRoundLight.png */ = {isa = PBXFileReference; lastKnownFileType = image.png; path = fireRoundLight.png; sourceTree = SOURCE_ROOT; };
		2460E3C51D459F050078A420 /* fireRoundLightDown.png */ = {isa = PBXFileReference; lastKnownFileType = image.png; path = fireRoundLightDown.png; sourceTree = SOURCE_ROOT; };
		2460E3C61D459F050078A420 /* fireRoundLightLeft.png */ = {isa = PBXFileReference; lastKnownFileType = image.png; path = fireRoundLightLeft.png; sourceTree = SOURCE_ROOT; };
		2460E3C71D459F050078A420 /* fireRoundLightRight.png */ = {isa = PBXFileReference; lastKnownFileType = image.png; path = fireRoundLightRight.png; sourceTree = SOURCE_ROOT; };
		2460E3C81D459F050078A420 /* fireRoundLightUp.png */ = {isa = PBXFileReference; lastKnownFileType = image.png; path = fireRoundLightUp.png; sourceTree = SOURCE_ROOT; };
		2460E3C91D459F050078A420 /* line.png */ = {isa = PBXFileReference; lastKnownFileType = image.png; path = line.png; sourceTree = SOURCE_ROOT; };
		2460E3CA1D459F050078A420 /* lol.png */ = {isa = PBXFileReference; lastKnownFileType = image.png; path = lol.png; sourceTree = SOURCE_ROOT; };
		2460E3CB1D459F050078A420 /* rocks.png */ = {isa = PBXFileReference; lastKnownFileType = image.png; path = rocks.png; sourceTree = SOURCE_ROOT; };
		2460E3CC1D459F050078A420 /* rocks2.png */ = {isa = PBXFileReference; lastKnownFileType = image.png; path = rocks2.png; sourceTree = SOURCE_ROOT; };
		2460E3CD1D459F050078A420 /* rocksHalfSubmerged.png */ = {isa = PBXFileReference; lastKnownFileType = image.png; path = rocksHalfSubmerged.png; sourceTree = SOURCE_ROOT; };
		2460E3CE1D459F050078A420 /* roundDarkDown.png */ = {isa = PBXFileReference; lastKnownFileType = image.png; path = roundDarkDown.png; sourceTree = SOURCE_ROOT; };
		2460E3CF1D459F050078A420 /* roundDarkLeft.png */ = {isa = PBXFileReference; lastKnownFileType = image.png; path = roundDarkLeft.png; sourceTree = SOURCE_ROOT; };
		2460E3D01D459F050078A420 /* roundDarkRight.png */ = {isa = PBXFileReference; lastKnownFileType = image.png; path = roundDarkRight.png; sourceTree = SOURCE_ROOT; };
		2460E3D11D459F050078A420 /* roundDarkUp.png */ = {isa = PBXFileReference; lastKnownFileType = image.png; path = roundDarkUp.png; sourceTree = SOURCE_ROOT; };
		2460E3D21D459F050078A420 /* roundLightDown.png */ = {isa = PBXFileReference; lastKnownFileType = image.png; path = roundLightDown.png; sourceTree = SOURCE_ROOT; };
		2460E3D31D459F050078A420 /* roundLightLeft.png */ = {isa = PBXFileReference; lastKnownFileType = image.png; path = roundLightLeft.png; sourceTree = SOURCE_ROOT; };
		2460E3D41D459F050078A420 /* roundLightRight.png */ = {isa = PBXFileReference; lastKnownFileType = image.png; path = roundLightRight.png; sourceTree = SOURCE_ROOT; };
		2460E3D51D459F050078A420 /* roundLightUp.png */ = {isa = PBXFileReference; lastKnownFileType = image.png; path = roundLightUp.png; sourceTree = SOURCE_ROOT; };
		2460E3D61D459F050078A420 /* ShipCell.png */ = {isa = PBXFileReference; lastKnownFileType = image.png; path = ShipCell.png; sourceTree = SOURCE_ROOT; };
		2460E3D71D459F050078A420 /* ShipCell.pxm */ = {isa = PBXFileReference; lastKnownFileType = file; path = ShipCell.pxm; sourceTree = SOURCE_ROOT; };
		2460E3D81D459F050078A420 /* shipCellPointDark.png */ = {isa = PBXFileReference; lastKnownFileType = image.png; path = shipCellPointDark.png; sourceTree = SOURCE_ROOT; };
		2460E3D91D459F050078A420 /* shipCellPointDarkDown.png */ = {isa = PBXFileReference; lastKnownFileType = image.png; path = shipCellPointDarkDown.png; sourceTree = SOURCE_ROOT; };
		2460E3DA1D459F050078A420 /* shipCellPointLight.png */ = {isa = PBXFileReference; lastKnownFileType = image.png; path = shipCellPointLight.png; sourceTree = SOURCE_ROOT; };
		2460E3DB1D459F050078A420 /* shipCellPointLightDown.png */ = {isa = PBXFileReference; lastKnownFileType = image.png; path = shipCellPointLightDown.png; sourceTree = SOURCE_ROOT; };
		2460E3DC1D459F050078A420 /* ShipCellRounded.pxm */ = {isa = PBXFileReference; lastKnownFileType = file; path = ShipCellRounded.pxm; sourceTree = SOURCE_ROOT; };
		2460E3DD1D459F050078A420 /* ShipCellWithFire.pxm */ = {isa = PBXFileReference; lastKnownFileType = file; path = ShipCellWithFire.pxm; sourceTree = SOURCE_ROOT; };
		2460E3DE1D459F050078A420 /* smoke.png */ = {isa = PBXFileReference; lastKnownFileType = image.png; path = smoke.png; sourceTree = SOURCE_ROOT; };
		2460E3DF1D459F050078A420 /* smokeDarkWater.png */ = {isa = PBXFileReference; lastKnownFileType = image.png; path = smokeDarkWater.png; sourceTree = SOURCE_ROOT; };
		2460E3E01D459F050078A420 /* Submarine.png */ = {isa = PBXFileReference; lastKnownFileType = image.png; path = Submarine.png; sourceTree = SOURCE_ROOT; };
		2460E3E11D459F050078A420 /* SubmarineCell1.png */ = {isa = PBXFileReference; lastKnownFileType = image.png; path = SubmarineCell1.png; sourceTree = SOURCE_ROOT; };
		2460E3E21D459F050078A420 /* SubmarineCell2.png */ = {isa = PBXFileReference; lastKnownFileType = image.png; path = SubmarineCell2.png; sourceTree = SOURCE_ROOT; };
		2460E3E31D459F050078A420 /* SubmarineCell3.png */ = {isa = PBXFileReference; lastKnownFileType = image.png; path = SubmarineCell3.png; sourceTree = SOURCE_ROOT; };
		2460E3E41D459F050078A420 /* SubmarineWhite.png */ = {isa = PBXFileReference; lastKnownFileType = image.png; path = SubmarineWhite.png; sourceTree = SOURCE_ROOT; };
		2460E3E51D459F050078A420 /* WaterCell.png */ = {isa = PBXFileReference; lastKnownFileType = image.png; path = WaterCell.png; sourceTree = SOURCE_ROOT; };
		2460E3E61D459F050078A420 /* WaterCell.pxm */ = {isa = PBXFileReference; lastKnownFileType = file; path = WaterCell.pxm; sourceTree = SOURCE_ROOT; };
		2460E3E71D459F050078A420 /* WaterCellAxis2.png */ = {isa = PBXFileReference; lastKnownFileType = image.png; path = WaterCellAxis2.png; sourceTree = SOURCE_ROOT; };
		2460E3E81D459F050078A420 /* WaterCellWithDestroyer.pxm */ = {isa = PBXFileReference; lastKnownFileType = file; path = WaterCellWithDestroyer.pxm; sourceTree = SOURCE_ROOT; };
		2460E3E91D459F050078A420 /* waterRocks.pxm */ = {isa = PBXFileReference; lastKnownFileType = file; path = waterRocks.pxm; sourceTree = SOURCE_ROOT; };
		247D61831D1F636800598D29 /* Battleship.app */ = {isa = PBXFileReference; explicitFileType = wrapper.application; includeInIndex = 0; path = Battleship.app; sourceTree = BUILT_PRODUCTS_DIR; };
		247D61861D1F636800598D29 /* AppDelegate.swift */ = {isa = PBXFileReference; lastKnownFileType = sourcecode.swift; path = AppDelegate.swift; sourceTree = "<group>"; };
		247D61881D1F636800598D29 /* ViewController.swift */ = {isa = PBXFileReference; lastKnownFileType = sourcecode.swift; path = ViewController.swift; sourceTree = "<group>"; };
		247D618B1D1F636800598D29 /* Base */ = {isa = PBXFileReference; lastKnownFileType = file.storyboard; name = Base; path = Base.lproj/Main.storyboard; sourceTree = "<group>"; };
		247D618D1D1F636800598D29 /* Assets.xcassets */ = {isa = PBXFileReference; lastKnownFileType = folder.assetcatalog; path = Assets.xcassets; sourceTree = "<group>"; };
		247D61901D1F636800598D29 /* Base */ = {isa = PBXFileReference; lastKnownFileType = file.storyboard; name = Base; path = Base.lproj/LaunchScreen.storyboard; sourceTree = "<group>"; };
		247D61921D1F636800598D29 /* Info.plist */ = {isa = PBXFileReference; lastKnownFileType = text.plist.xml; path = Info.plist; sourceTree = "<group>"; };
		247D61971D1F636800598D29 /* BattleshipTests.xctest */ = {isa = PBXFileReference; explicitFileType = wrapper.cfbundle; includeInIndex = 0; path = BattleshipTests.xctest; sourceTree = BUILT_PRODUCTS_DIR; };
		247D619B1D1F636800598D29 /* BattleshipTests.swift */ = {isa = PBXFileReference; lastKnownFileType = sourcecode.swift; path = BattleshipTests.swift; sourceTree = "<group>"; };
		247D619D1D1F636800598D29 /* Info.plist */ = {isa = PBXFileReference; lastKnownFileType = text.plist.xml; path = Info.plist; sourceTree = "<group>"; };
		247D61A21D1F636800598D29 /* BattleshipUITests.xctest */ = {isa = PBXFileReference; explicitFileType = wrapper.cfbundle; includeInIndex = 0; path = BattleshipUITests.xctest; sourceTree = BUILT_PRODUCTS_DIR; };
		247D61A61D1F636800598D29 /* BattleshipUITests.swift */ = {isa = PBXFileReference; lastKnownFileType = sourcecode.swift; path = BattleshipUITests.swift; sourceTree = "<group>"; };
		247D61A81D1F636800598D29 /* Info.plist */ = {isa = PBXFileReference; lastKnownFileType = text.plist.xml; path = Info.plist; sourceTree = "<group>"; };
		24A2F8CC1D20251F0048CF7D /* BattleshipEngine.swift */ = {isa = PBXFileReference; fileEncoding = 4; lastKnownFileType = sourcecode.swift; path = BattleshipEngine.swift; sourceTree = "<group>"; };
/* End PBXFileReference section */

/* Begin PBXFrameworksBuildPhase section */
		247D61801D1F636800598D29 /* Frameworks */ = {
			isa = PBXFrameworksBuildPhase;
			buildActionMask = 2147483647;
			files = (
			);
			runOnlyForDeploymentPostprocessing = 0;
		};
		247D61941D1F636800598D29 /* Frameworks */ = {
			isa = PBXFrameworksBuildPhase;
			buildActionMask = 2147483647;
			files = (
			);
			runOnlyForDeploymentPostprocessing = 0;
		};
		247D619F1D1F636800598D29 /* Frameworks */ = {
			isa = PBXFrameworksBuildPhase;
			buildActionMask = 2147483647;
			files = (
			);
			runOnlyForDeploymentPostprocessing = 0;
		};
/* End PBXFrameworksBuildPhase section */

/* Begin PBXGroup section */
		247D617A1D1F636800598D29 = {
			isa = PBXGroup;
			children = (
				247D61851D1F636800598D29 /* Battleship */,
				247D619A1D1F636800598D29 /* BattleshipTests */,
				247D61A51D1F636800598D29 /* BattleshipUITests */,
				247D61841D1F636800598D29 /* Products */,
			);
			sourceTree = "<group>";
		};
		247D61841D1F636800598D29 /* Products */ = {
			isa = PBXGroup;
			children = (
				247D61831D1F636800598D29 /* Battleship.app */,
				247D61971D1F636800598D29 /* BattleshipTests.xctest */,
				247D61A21D1F636800598D29 /* BattleshipUITests.xctest */,
			);
			name = Products;
			sourceTree = "<group>";
		};
		247D61851D1F636800598D29 /* Battleship */ = {
			isa = PBXGroup;
			children = (
				247D61861D1F636800598D29 /* AppDelegate.swift */,
				247D61881D1F636800598D29 /* ViewController.swift */,
				247D618A1D1F636800598D29 /* Main.storyboard */,
				24A2F8CC1D20251F0048CF7D /* BattleshipEngine.swift */,
				247D618D1D1F636800598D29 /* Assets.xcassets */,
				247D618F1D1F636800598D29 /* LaunchScreen.storyboard */,
				247D61921D1F636800598D29 /* Info.plist */,
				2460E3A71D459F050078A420 /* Battleship.png */,
				2460E3A81D459F050078A420 /* BattleshipWhite.png */,
				2460E3A91D459F050078A420 /* BattleshipWhite.pxm */,
				2460E3AA1D459F050078A420 /* Carrier.png */,
				2460E3AB1D459F050078A420 /* CarrierWhite.png */,
				2460E3AC1D459F050078A420 /* controlPanel.png */,
				2460E3AD1D459F050078A420 /* controlPanel.pxm */,
				2460E3AE1D459F050078A420 /* Cruiser.png */,
				2460E3AF1D459F050078A420 /* CruiserWhite.png */,
				2460E3B01D459F050078A420 /* Destroyer.png */,
				2460E3B11D459F050078A420 /* destroyerCell.png */,
				2460E3B21D459F050078A420 /* destroyerCellFireLight.png */,
				2460E3B31D459F050078A420 /* destroyerCellLight.png */,
				2460E3B41D459F050078A420 /* destroyerCellLightDown.png */,
				2460E3B51D459F050078A420 /* destroyerDown.png */,
				2460E3B61D459F050078A420 /* DestroyerFireDark.png */,
				2460E3B71D459F050078A420 /* DestroyerFireDarkDown.png */,
				2460E3B81D459F050078A420 /* DestroyerFireLightDown.png */,
				2460E3B91D459F050078A420 /* DestroyerWhite.png */,
				2460E3BA1D459F050078A420 /* fireCell.png */,
				2460E3BB1D459F050078A420 /* fireCell.pxm */,
				2460E3BC1D459F050078A420 /* firePointDark.png */,
				2460E3BD1D459F050078A420 /* firePointDarkDown.png */,
				2460E3BE1D459F050078A420 /* firePointLight.png */,
				2460E3BF1D459F050078A420 /* firePointLightDown.png */,
				2460E3C01D459F050078A420 /* fireRoundDark.png */,
				2460E3C11D459F050078A420 /* fireRoundDarkDown.png */,
				2460E3C21D459F050078A420 /* fireRoundDarkRight.png */,
				2460E3C31D459F050078A420 /* fireRoundDarkUp.png */,
				2460E3C41D459F050078A420 /* fireRoundLight.png */,
				2460E3C51D459F050078A420 /* fireRoundLightDown.png */,
				2460E3C61D459F050078A420 /* fireRoundLightLeft.png */,
				2460E3C71D459F050078A420 /* fireRoundLightRight.png */,
				2460E3C81D459F050078A420 /* fireRoundLightUp.png */,
				2460E3C91D459F050078A420 /* line.png */,
				2460E3CA1D459F050078A420 /* lol.png */,
				2460E3CB1D459F050078A420 /* rocks.png */,
				2460E3CC1D459F050078A420 /* rocks2.png */,
				2460E3CD1D459F050078A420 /* rocksHalfSubmerged.png */,
				2460E3CE1D459F050078A420 /* roundDarkDown.png */,
				2460E3CF1D459F050078A420 /* roundDarkLeft.png */,
				2460E3D01D459F050078A420 /* roundDarkRight.png */,
				2460E3D11D459F050078A420 /* roundDarkUp.png */,
				2460E3D21D459F050078A420 /* roundLightDown.png */,
				2460E3D31D459F050078A420 /* roundLightLeft.png */,
				2460E3D41D459F050078A420 /* roundLightRight.png */,
				2460E3D51D459F050078A420 /* roundLightUp.png */,
				2460E3D61D459F050078A420 /* ShipCell.png */,
				2460E3D71D459F050078A420 /* ShipCell.pxm */,
				2460E3D81D459F050078A420 /* shipCellPointDark.png */,
				2460E3D91D459F050078A420 /* shipCellPointDarkDown.png */,
				2460E3DA1D459F050078A420 /* shipCellPointLight.png */,
				2460E3DB1D459F050078A420 /* shipCellPointLightDown.png */,
				2460E3DC1D459F050078A420 /* ShipCellRounded.pxm */,
				2460E3DD1D459F050078A420 /* ShipCellWithFire.pxm */,
				2460E3DE1D459F050078A420 /* smoke.png */,
				2460E3DF1D459F050078A420 /* smokeDarkWater.png */,
				2460E3E01D459F050078A420 /* Submarine.png */,
				2460E3E11D459F050078A420 /* SubmarineCell1.png */,
				2460E3E21D459F050078A420 /* SubmarineCell2.png */,
				2460E3E31D459F050078A420 /* SubmarineCell3.png */,
				2460E3E41D459F050078A420 /* SubmarineWhite.png */,
				2460E3E51D459F050078A420 /* WaterCell.png */,
				2460E3E61D459F050078A420 /* WaterCell.pxm */,
				2460E3E71D459F050078A420 /* WaterCellAxis2.png */,
				2460E3E81D459F050078A420 /* WaterCellWithDestroyer.pxm */,
				2460E3E91D459F050078A420 /* waterRocks.pxm */,
			);
			path = Battleship;
			sourceTree = "<group>";
		};
		247D619A1D1F636800598D29 /* BattleshipTests */ = {
			isa = PBXGroup;
			children = (
				247D619B1D1F636800598D29 /* BattleshipTests.swift */,
				247D619D1D1F636800598D29 /* Info.plist */,
			);
			path = BattleshipTests;
			sourceTree = "<group>";
		};
		247D61A51D1F636800598D29 /* BattleshipUITests */ = {
			isa = PBXGroup;
			children = (
				247D61A61D1F636800598D29 /* BattleshipUITests.swift */,
				247D61A81D1F636800598D29 /* Info.plist */,
			);
			path = BattleshipUITests;
			sourceTree = "<group>";
		};
/* End PBXGroup section */

/* Begin PBXNativeTarget section */
		247D61821D1F636800598D29 /* Battleship */ = {
			isa = PBXNativeTarget;
			buildConfigurationList = 247D61AB1D1F636900598D29 /* Build configuration list for PBXNativeTarget "Battleship" */;
			buildPhases = (
				247D617F1D1F636800598D29 /* Sources */,
				247D61801D1F636800598D29 /* Frameworks */,
				247D61811D1F636800598D29 /* Resources */,
			);
			buildRules = (
			);
			dependencies = (
			);
			name = Battleship;
			productName = Battleship;
			productReference = 247D61831D1F636800598D29 /* Battleship.app */;
			productType = "com.apple.product-type.application";
		};
		247D61961D1F636800598D29 /* BattleshipTests */ = {
			isa = PBXNativeTarget;
			buildConfigurationList = 247D61AE1D1F636900598D29 /* Build configuration list for PBXNativeTarget "BattleshipTests" */;
			buildPhases = (
				247D61931D1F636800598D29 /* Sources */,
				247D61941D1F636800598D29 /* Frameworks */,
				247D61951D1F636800598D29 /* Resources */,
			);
			buildRules = (
			);
			dependencies = (
				247D61991D1F636800598D29 /* PBXTargetDependency */,
			);
			name = BattleshipTests;
			productName = BattleshipTests;
			productReference = 247D61971D1F636800598D29 /* BattleshipTests.xctest */;
			productType = "com.apple.product-type.bundle.unit-test";
		};
		247D61A11D1F636800598D29 /* BattleshipUITests */ = {
			isa = PBXNativeTarget;
			buildConfigurationList = 247D61B11D1F636900598D29 /* Build configuration list for PBXNativeTarget "BattleshipUITests" */;
			buildPhases = (
				247D619E1D1F636800598D29 /* Sources */,
				247D619F1D1F636800598D29 /* Frameworks */,
				247D61A01D1F636800598D29 /* Resources */,
			);
			buildRules = (
			);
			dependencies = (
				247D61A41D1F636800598D29 /* PBXTargetDependency */,
			);
			name = BattleshipUITests;
			productName = BattleshipUITests;
			productReference = 247D61A21D1F636800598D29 /* BattleshipUITests.xctest */;
			productType = "com.apple.product-type.bundle.ui-testing";
		};
/* End PBXNativeTarget section */

/* Begin PBXProject section */
		247D617B1D1F636800598D29 /* Project object */ = {
			isa = PBXProject;
			attributes = {
				KnownAssetTags = (
					0,
					1,
					"1 0",
				);
				LastSwiftUpdateCheck = 0730;
				LastUpgradeCheck = 0730;
				ORGANIZATIONNAME = "Sawyer Blatz";
				TargetAttributes = {
					247D61821D1F636800598D29 = {
						CreatedOnToolsVersion = 7.3.1;
						DevelopmentTeam = AJ5U32CNZB;
					};
					247D61961D1F636800598D29 = {
						CreatedOnToolsVersion = 7.3.1;
						TestTargetID = 247D61821D1F636800598D29;
					};
					247D61A11D1F636800598D29 = {
						CreatedOnToolsVersion = 7.3.1;
						TestTargetID = 247D61821D1F636800598D29;
					};
				};
			};
			buildConfigurationList = 247D617E1D1F636800598D29 /* Build configuration list for PBXProject "Battleship" */;
			compatibilityVersion = "Xcode 3.2";
			developmentRegion = English;
			hasScannedForEncodings = 0;
			knownRegions = (
				en,
				Base,
			);
			mainGroup = 247D617A1D1F636800598D29;
			productRefGroup = 247D61841D1F636800598D29 /* Products */;
			projectDirPath = "";
			projectRoot = "";
			targets = (
				247D61821D1F636800598D29 /* Battleship */,
				247D61961D1F636800598D29 /* BattleshipTests */,
				247D61A11D1F636800598D29 /* BattleshipUITests */,
			);
		};
/* End PBXProject section */

/* Begin PBXResourcesBuildPhase section */
		247D61811D1F636800598D29 /* Resources */ = {
			isa = PBXResourcesBuildPhase;
			buildActionMask = 2147483647;
			files = (
				2460E41C1D459F050078A420 /* shipCellPointDarkDown.png in Resources */,
				2460E4001D459F050078A420 /* firePointDarkDown.png in Resources */,
				2460E4111D459F050078A420 /* roundDarkDown.png in Resources */,
				2460E4151D459F050078A420 /* roundLightDown.png in Resources */,
				2460E4081D459F050078A420 /* fireRoundLightDown.png in Resources */,
				2460E40A1D459F050078A420 /* fireRoundLightRight.png in Resources */,
				247D61911D1F636800598D29 /* LaunchScreen.storyboard in Resources */,
				2460E3F51D459F050078A420 /* destroyerCellFireLight.png in Resources */,
				2460E4231D459F050078A420 /* Submarine.png in Resources */,
				2460E3F61D459F050078A420 /* destroyerCellLight.png in Resources */,
				2460E3F21D459F050078A420 /* CruiserWhite.png in Resources */,
				2460E3EC1D459F050078A420 /* BattleshipWhite.pxm in Resources */,
				2460E4291D459F050078A420 /* WaterCell.pxm in Resources */,
				2460E3FA1D459F050078A420 /* DestroyerFireDarkDown.png in Resources */,
				2460E3EA1D459F050078A420 /* Battleship.png in Resources */,
				2460E4091D459F050078A420 /* fireRoundLightLeft.png in Resources */,
				2460E4071D459F050078A420 /* fireRoundLight.png in Resources */,
				2460E4141D459F050078A420 /* roundDarkUp.png in Resources */,
				2460E41F1D459F050078A420 /* ShipCellRounded.pxm in Resources */,
				2460E4031D459F050078A420 /* fireRoundDark.png in Resources */,
				2460E4011D459F050078A420 /* firePointLight.png in Resources */,
				247D618E1D1F636800598D29 /* Assets.xcassets in Resources */,
				2460E3F81D459F050078A420 /* destroyerDown.png in Resources */,
				2460E3FB1D459F050078A420 /* DestroyerFireLightDown.png in Resources */,
				2460E42C1D459F050078A420 /* waterRocks.pxm in Resources */,
				2460E4181D459F050078A420 /* roundLightUp.png in Resources */,
				2460E41D1D459F050078A420 /* shipCellPointLight.png in Resources */,
				2460E3F41D459F050078A420 /* destroyerCell.png in Resources */,
				2460E3F71D459F050078A420 /* destroyerCellLightDown.png in Resources */,
				2460E3EF1D459F050078A420 /* controlPanel.png in Resources */,
				2460E4241D459F050078A420 /* SubmarineCell1.png in Resources */,
				2460E4171D459F050078A420 /* roundLightRight.png in Resources */,
				2460E42A1D459F050078A420 /* WaterCellAxis2.png in Resources */,
				2460E4261D459F050078A420 /* SubmarineCell3.png in Resources */,
				2460E4191D459F050078A420 /* ShipCell.png in Resources */,
				2460E4121D459F050078A420 /* roundDarkLeft.png in Resources */,
				2460E4281D459F050078A420 /* WaterCell.png in Resources */,
				2460E4131D459F050078A420 /* roundDarkRight.png in Resources */,
				2460E3FE1D459F050078A420 /* fireCell.pxm in Resources */,
				2460E4251D459F050078A420 /* SubmarineCell2.png in Resources */,
				2460E3F91D459F050078A420 /* DestroyerFireDark.png in Resources */,
				2460E40E1D459F050078A420 /* rocks.png in Resources */,
				2460E4021D459F050078A420 /* firePointLightDown.png in Resources */,
				2460E3EE1D459F050078A420 /* CarrierWhite.png in Resources */,
				2460E41E1D459F050078A420 /* shipCellPointLightDown.png in Resources */,
				2460E4201D459F050078A420 /* ShipCellWithFire.pxm in Resources */,
				2460E40D1D459F050078A420 /* lol.png in Resources */,
				2460E4101D459F050078A420 /* rocksHalfSubmerged.png in Resources */,
				2460E4161D459F050078A420 /* roundLightLeft.png in Resources */,
				2460E4041D459F050078A420 /* fireRoundDarkDown.png in Resources */,
				2460E3F31D459F050078A420 /* Destroyer.png in Resources */,
				2460E3FD1D459F050078A420 /* fireCell.png in Resources */,
				2460E4211D459F050078A420 /* smoke.png in Resources */,
				2460E3F01D459F050078A420 /* controlPanel.pxm in Resources */,
				2460E4051D459F050078A420 /* fireRoundDarkRight.png in Resources */,
				2460E3ED1D459F050078A420 /* Carrier.png in Resources */,
				2460E40F1D459F050078A420 /* rocks2.png in Resources */,
				2460E4221D459F050078A420 /* smokeDarkWater.png in Resources */,
				2460E41A1D459F050078A420 /* ShipCell.pxm in Resources */,
				2460E3FF1D459F050078A420 /* firePointDark.png in Resources */,
				2460E40C1D459F050078A420 /* line.png in Resources */,
				2460E4271D459F050078A420 /* SubmarineWhite.png in Resources */,
				2460E41B1D459F050078A420 /* shipCellPointDark.png in Resources */,
				2460E42B1D459F050078A420 /* WaterCellWithDestroyer.pxm in Resources */,
				2460E4061D459F050078A420 /* fireRoundDarkUp.png in Resources */,
				2460E3F11D459F050078A420 /* Cruiser.png in Resources */,
				2460E40B1D459F050078A420 /* fireRoundLightUp.png in Resources */,
				2460E3EB1D459F050078A420 /* BattleshipWhite.png in Resources */,
				247D618C1D1F636800598D29 /* Main.storyboard in Resources */,
				2460E3FC1D459F050078A420 /* DestroyerWhite.png in Resources */,
			);
			runOnlyForDeploymentPostprocessing = 0;
		};
		247D61951D1F636800598D29 /* Resources */ = {
			isa = PBXResourcesBuildPhase;
			buildActionMask = 2147483647;
			files = (
			);
			runOnlyForDeploymentPostprocessing = 0;
		};
		247D61A01D1F636800598D29 /* Resources */ = {
			isa = PBXResourcesBuildPhase;
			buildActionMask = 2147483647;
			files = (
			);
			runOnlyForDeploymentPostprocessing = 0;
		};
/* End PBXResourcesBuildPhase section */

/* Begin PBXSourcesBuildPhase section */
		247D617F1D1F636800598D29 /* Sources */ = {
			isa = PBXSourcesBuildPhase;
			buildActionMask = 2147483647;
			files = (
				247D61891D1F636800598D29 /* ViewController.swift in Sources */,
				24A2F8CD1D20251F0048CF7D /* BattleshipEngine.swift in Sources */,
				247D61871D1F636800598D29 /* AppDelegate.swift in Sources */,
			);
			runOnlyForDeploymentPostprocessing = 0;
		};
		247D61931D1F636800598D29 /* Sources */ = {
			isa = PBXSourcesBuildPhase;
			buildActionMask = 2147483647;
			files = (
				247D619C1D1F636800598D29 /* BattleshipTests.swift in Sources */,
			);
			runOnlyForDeploymentPostprocessing = 0;
		};
		247D619E1D1F636800598D29 /* Sources */ = {
			isa = PBXSourcesBuildPhase;
			buildActionMask = 2147483647;
			files = (
				247D61A71D1F636800598D29 /* BattleshipUITests.swift in Sources */,
			);
			runOnlyForDeploymentPostprocessing = 0;
		};
/* End PBXSourcesBuildPhase section */

/* Begin PBXTargetDependency section */
		247D61991D1F636800598D29 /* PBXTargetDependency */ = {
			isa = PBXTargetDependency;
			target = 247D61821D1F636800598D29 /* Battleship */;
			targetProxy = 247D61981D1F636800598D29 /* PBXContainerItemProxy */;
		};
		247D61A41D1F636800598D29 /* PBXTargetDependency */ = {
			isa = PBXTargetDependency;
			target = 247D61821D1F636800598D29 /* Battleship */;
			targetProxy = 247D61A31D1F636800598D29 /* PBXContainerItemProxy */;
		};
/* End PBXTargetDependency section */

/* Begin PBXVariantGroup section */
		247D618A1D1F636800598D29 /* Main.storyboard */ = {
			isa = PBXVariantGroup;
			children = (
				247D618B1D1F636800598D29 /* Base */,
			);
			name = Main.storyboard;
			sourceTree = "<group>";
		};
		247D618F1D1F636800598D29 /* LaunchScreen.storyboard */ = {
			isa = PBXVariantGroup;
			children = (
				247D61901D1F636800598D29 /* Base */,
			);
			name = LaunchScreen.storyboard;
			sourceTree = "<group>";
		};
/* End PBXVariantGroup section */

/* Begin XCBuildConfiguration section */
		247D61A91D1F636900598D29 /* Debug */ = {
			isa = XCBuildConfiguration;
			buildSettings = {
				ALWAYS_SEARCH_USER_PATHS = NO;
				CLANG_ANALYZER_NONNULL = YES;
				CLANG_CXX_LANGUAGE_STANDARD = "gnu++0x";
				CLANG_CXX_LIBRARY = "libc++";
				CLANG_ENABLE_MODULES = YES;
				CLANG_ENABLE_OBJC_ARC = YES;
				CLANG_WARN_BOOL_CONVERSION = YES;
				CLANG_WARN_CONSTANT_CONVERSION = YES;
				CLANG_WARN_DIRECT_OBJC_ISA_USAGE = YES_ERROR;
				CLANG_WARN_EMPTY_BODY = YES;
				CLANG_WARN_ENUM_CONVERSION = YES;
				CLANG_WARN_INT_CONVERSION = YES;
				CLANG_WARN_OBJC_ROOT_CLASS = YES_ERROR;
				CLANG_WARN_UNREACHABLE_CODE = YES;
				CLANG_WARN__DUPLICATE_METHOD_MATCH = YES;
				"CODE_SIGN_IDENTITY[sdk=iphoneos*]" = "iPhone Developer";
				COPY_PHASE_STRIP = NO;
				DEBUG_INFORMATION_FORMAT = dwarf;
				ENABLE_STRICT_OBJC_MSGSEND = YES;
				ENABLE_TESTABILITY = YES;
				GCC_C_LANGUAGE_STANDARD = gnu99;
				GCC_DYNAMIC_NO_PIC = NO;
				GCC_NO_COMMON_BLOCKS = YES;
				GCC_OPTIMIZATION_LEVEL = 0;
				GCC_PREPROCESSOR_DEFINITIONS = (
					"DEBUG=1",
					"$(inherited)",
				);
				GCC_WARN_64_TO_32_BIT_CONVERSION = YES;
				GCC_WARN_ABOUT_RETURN_TYPE = YES_ERROR;
				GCC_WARN_UNDECLARED_SELECTOR = YES;
				GCC_WARN_UNINITIALIZED_AUTOS = YES_AGGRESSIVE;
				GCC_WARN_UNUSED_FUNCTION = YES;
				GCC_WARN_UNUSED_VARIABLE = YES;
				IPHONEOS_DEPLOYMENT_TARGET = 9.3;
				MTL_ENABLE_DEBUG_INFO = YES;
				ONLY_ACTIVE_ARCH = YES;
				SDKROOT = iphoneos;
				SWIFT_OPTIMIZATION_LEVEL = "-Onone";
				TARGETED_DEVICE_FAMILY = "1,2";
			};
			name = Debug;
		};
		247D61AA1D1F636900598D29 /* Release */ = {
			isa = XCBuildConfiguration;
			buildSettings = {
				ALWAYS_SEARCH_USER_PATHS = NO;
				CLANG_ANALYZER_NONNULL = YES;
				CLANG_CXX_LANGUAGE_STANDARD = "gnu++0x";
				CLANG_CXX_LIBRARY = "libc++";
				CLANG_ENABLE_MODULES = YES;
				CLANG_ENABLE_OBJC_ARC = YES;
				CLANG_WARN_BOOL_CONVERSION = YES;
				CLANG_WARN_CONSTANT_CONVERSION = YES;
				CLANG_WARN_DIRECT_OBJC_ISA_USAGE = YES_ERROR;
				CLANG_WARN_EMPTY_BODY = YES;
				CLANG_WARN_ENUM_CONVERSION = YES;
				CLANG_WARN_INT_CONVERSION = YES;
				CLANG_WARN_OBJC_ROOT_CLASS = YES_ERROR;
				CLANG_WARN_UNREACHABLE_CODE = YES;
				CLANG_WARN__DUPLICATE_METHOD_MATCH = YES;
				"CODE_SIGN_IDENTITY[sdk=iphoneos*]" = "iPhone Developer";
				COPY_PHASE_STRIP = NO;
				DEBUG_INFORMATION_FORMAT = "dwarf-with-dsym";
				ENABLE_NS_ASSERTIONS = NO;
				ENABLE_STRICT_OBJC_MSGSEND = YES;
				GCC_C_LANGUAGE_STANDARD = gnu99;
				GCC_NO_COMMON_BLOCKS = YES;
				GCC_WARN_64_TO_32_BIT_CONVERSION = YES;
				GCC_WARN_ABOUT_RETURN_TYPE = YES_ERROR;
				GCC_WARN_UNDECLARED_SELECTOR = YES;
				GCC_WARN_UNINITIALIZED_AUTOS = YES_AGGRESSIVE;
				GCC_WARN_UNUSED_FUNCTION = YES;
				GCC_WARN_UNUSED_VARIABLE = YES;
				IPHONEOS_DEPLOYMENT_TARGET = 9.3;
				MTL_ENABLE_DEBUG_INFO = NO;
				SDKROOT = iphoneos;
				TARGETED_DEVICE_FAMILY = "1,2";
				VALIDATE_PRODUCT = YES;
			};
			name = Release;
		};
		247D61AC1D1F636900598D29 /* Debug */ = {
			isa = XCBuildConfiguration;
			buildSettings = {
				ASSETCATALOG_COMPILER_APPICON_NAME = AppIcon;
				CODE_SIGN_IDENTITY = "iPhone Developer";
				"CODE_SIGN_IDENTITY[sdk=iphoneos*]" = "iPhone Developer";
				INFOPLIST_FILE = Battleship/Info.plist;
				LD_RUNPATH_SEARCH_PATHS = "$(inherited) @executable_path/Frameworks";
				PRODUCT_BUNDLE_IDENTIFIER = com.soysauce44.BattleshipGames;
				PRODUCT_NAME = "$(TARGET_NAME)";
				PROVISIONING_PROFILE = "";
				TARGETED_DEVICE_FAMILY = 2;
			};
			name = Debug;
		};
		247D61AD1D1F636900598D29 /* Release */ = {
			isa = XCBuildConfiguration;
			buildSettings = {
				ASSETCATALOG_COMPILER_APPICON_NAME = AppIcon;
				CODE_SIGN_IDENTITY = "iPhone Developer";
				"CODE_SIGN_IDENTITY[sdk=iphoneos*]" = "iPhone Developer";
				INFOPLIST_FILE = Battleship/Info.plist;
				LD_RUNPATH_SEARCH_PATHS = "$(inherited) @executable_path/Frameworks";
				PRODUCT_BUNDLE_IDENTIFIER = com.soysauce44.BattleshipGames;
				PRODUCT_NAME = "$(TARGET_NAME)";
				PROVISIONING_PROFILE = "";
				TARGETED_DEVICE_FAMILY = 2;
			};
			name = Release;
		};
		247D61AF1D1F636900598D29 /* Debug */ = {
			isa = XCBuildConfiguration;
			buildSettings = {
				BUNDLE_LOADER = "$(TEST_HOST)";
				INFOPLIST_FILE = BattleshipTests/Info.plist;
				LD_RUNPATH_SEARCH_PATHS = "$(inherited) @executable_path/Frameworks @loader_path/Frameworks";
				PRODUCT_BUNDLE_IDENTIFIER = com.soysauce44.BattleshipTests;
				PRODUCT_NAME = "$(TARGET_NAME)";
				TEST_HOST = "$(BUILT_PRODUCTS_DIR)/Battleship.app/Battleship";
			};
			name = Debug;
		};
		247D61B01D1F636900598D29 /* Release */ = {
			isa = XCBuildConfiguration;
			buildSettings = {
				BUNDLE_LOADER = "$(TEST_HOST)";
				INFOPLIST_FILE = BattleshipTests/Info.plist;
				LD_RUNPATH_SEARCH_PATHS = "$(inherited) @executable_path/Frameworks @loader_path/Frameworks";
				PRODUCT_BUNDLE_IDENTIFIER = com.soysauce44.BattleshipTests;
				PRODUCT_NAME = "$(TARGET_NAME)";
				TEST_HOST = "$(BUILT_PRODUCTS_DIR)/Battleship.app/Battleship";
			};
			name = Release;
		};
		247D61B21D1F636900598D29 /* Debug */ = {
			isa = XCBuildConfiguration;
			buildSettings = {
				INFOPLIST_FILE = BattleshipUITests/Info.plist;
				LD_RUNPATH_SEARCH_PATHS = "$(inherited) @executable_path/Frameworks @loader_path/Frameworks";
				PRODUCT_BUNDLE_IDENTIFIER = com.soysauce44.BattleshipUITests;
				PRODUCT_NAME = "$(TARGET_NAME)";
				TEST_TARGET_NAME = Battleship;
			};
			name = Debug;
		};
		247D61B31D1F636900598D29 /* Release */ = {
			isa = XCBuildConfiguration;
			buildSettings = {
				INFOPLIST_FILE = BattleshipUITests/Info.plist;
				LD_RUNPATH_SEARCH_PATHS = "$(inherited) @executable_path/Frameworks @loader_path/Frameworks";
				PRODUCT_BUNDLE_IDENTIFIER = com.soysauce44.BattleshipUITests;
				PRODUCT_NAME = "$(TARGET_NAME)";
				TEST_TARGET_NAME = Battleship;
			};
			name = Release;
		};
/* End XCBuildConfiguration section */

/* Begin XCConfigurationList section */
		247D617E1D1F636800598D29 /* Build configuration list for PBXProject "Battleship" */ = {
			isa = XCConfigurationList;
			buildConfigurations = (
				247D61A91D1F636900598D29 /* Debug */,
				247D61AA1D1F636900598D29 /* Release */,
			);
			defaultConfigurationIsVisible = 0;
			defaultConfigurationName = Release;
		};
		247D61AB1D1F636900598D29 /* Build configuration list for PBXNativeTarget "Battleship" */ = {
			isa = XCConfigurationList;
			buildConfigurations = (
				247D61AC1D1F636900598D29 /* Debug */,
				247D61AD1D1F636900598D29 /* Release */,
			);
			defaultConfigurationIsVisible = 0;
			defaultConfigurationName = Release;
		};
		247D61AE1D1F636900598D29 /* Build configuration list for PBXNativeTarget "BattleshipTests" */ = {
			isa = XCConfigurationList;
			buildConfigurations = (
				247D61AF1D1F636900598D29 /* Debug */,
				247D61B01D1F636900598D29 /* Release */,
			);
			defaultConfigurationIsVisible = 0;
			defaultConfigurationName = Release;
		};
		247D61B11D1F636900598D29 /* Build configuration list for PBXNativeTarget "BattleshipUITests" */ = {
			isa = XCConfigurationList;
			buildConfigurations = (
				247D61B21D1F636900598D29 /* Debug */,
				247D61B31D1F636900598D29 /* Release */,
			);
			defaultConfigurationIsVisible = 0;
			defaultConfigurationName = Release;
		};
/* End XCConfigurationList section */
	};
	rootObject = 247D617B1D1F636800598D29 /* Project object */;
}
