// !$*UTF8*$!
{
	archiveVersion = 1;
	classes = {
	};
	objectVersion = 46;
	objects = {

/* Begin PBXBuildFile section */
		247D61871D1F636800598D29 /* AppDelegate.swift in Sources */ = {isa = PBXBuildFile; fileRef = 247D61861D1F636800598D29 /* AppDelegate.swift */; };
		247D61891D1F636800598D29 /* ViewController.swift in Sources */ = {isa = PBXBuildFile; fileRef = 247D61881D1F636800598D29 /* ViewController.swift */; };
		247D618C1D1F636800598D29 /* Main.storyboard in Resources */ = {isa = PBXBuildFile; fileRef = 247D618A1D1F636800598D29 /* Main.storyboard */; };
		247D618E1D1F636800598D29 /* Assets.xcassets in Resources */ = {isa = PBXBuildFile; fileRef = 247D618D1D1F636800598D29 /* Assets.xcassets */; };
		247D61911D1F636800598D29 /* LaunchScreen.storyboard in Resources */ = {isa = PBXBuildFile; fileRef = 247D618F1D1F636800598D29 /* LaunchScreen.storyboard */; };
		247D619C1D1F636800598D29 /* BattleshipTests.swift in Sources */ = {isa = PBXBuildFile; fileRef = 247D619B1D1F636800598D29 /* BattleshipTests.swift */; };
		247D61A71D1F636800598D29 /* BattleshipUITests.swift in Sources */ = {isa = PBXBuildFile; fileRef = 247D61A61D1F636800598D29 /* BattleshipUITests.swift */; };
		24A2F8CD1D20251F0048CF7D /* BattleshipEngine.swift in Sources */ = {isa = PBXBuildFile; fileRef = 24A2F8CC1D20251F0048CF7D /* BattleshipEngine.swift */; };
		24ED4A1D1D43E4AD00DE739A /* Battleship.png in Resources */ = {isa = PBXBuildFile; fileRef = 24ED49EF1D43E4AD00DE739A /* Battleship.png */; };
		24ED4A1E1D43E4AD00DE739A /* BattleshipWhite.png in Resources */ = {isa = PBXBuildFile; fileRef = 24ED49F01D43E4AD00DE739A /* BattleshipWhite.png */; };
		24ED4A1F1D43E4AD00DE739A /* BattleshipWhite.pxm in Resources */ = {isa = PBXBuildFile; fileRef = 24ED49F11D43E4AD00DE739A /* BattleshipWhite.pxm */; };
		24ED4A201D43E4AD00DE739A /* Carrier.png in Resources */ = {isa = PBXBuildFile; fileRef = 24ED49F21D43E4AD00DE739A /* Carrier.png */; };
		24ED4A211D43E4AD00DE739A /* CarrierWhite.png in Resources */ = {isa = PBXBuildFile; fileRef = 24ED49F31D43E4AD00DE739A /* CarrierWhite.png */; };
		24ED4A221D43E4AD00DE739A /* controlPanel.png in Resources */ = {isa = PBXBuildFile; fileRef = 24ED49F41D43E4AD00DE739A /* controlPanel.png */; };
		24ED4A231D43E4AD00DE739A /* controlPanel.pxm in Resources */ = {isa = PBXBuildFile; fileRef = 24ED49F51D43E4AD00DE739A /* controlPanel.pxm */; };
		24ED4A241D43E4AD00DE739A /* Cruiser.png in Resources */ = {isa = PBXBuildFile; fileRef = 24ED49F61D43E4AD00DE739A /* Cruiser.png */; };
		24ED4A251D43E4AD00DE739A /* CruiserWhite.png in Resources */ = {isa = PBXBuildFile; fileRef = 24ED49F71D43E4AD00DE739A /* CruiserWhite.png */; };
		24ED4A261D43E4AD00DE739A /* Destroyer.png in Resources */ = {isa = PBXBuildFile; fileRef = 24ED49F81D43E4AD00DE739A /* Destroyer.png */; };
		24ED4A271D43E4AD00DE739A /* destroyerCell.png in Resources */ = {isa = PBXBuildFile; fileRef = 24ED49F91D43E4AD00DE739A /* destroyerCell.png */; };
		24ED4A281D43E4AD00DE739A /* destroyerCellFireLight.png in Resources */ = {isa = PBXBuildFile; fileRef = 24ED49FA1D43E4AD00DE739A /* destroyerCellFireLight.png */; };
		24ED4A291D43E4AD00DE739A /* destroyerCellLight.png in Resources */ = {isa = PBXBuildFile; fileRef = 24ED49FB1D43E4AD00DE739A /* destroyerCellLight.png */; };
		24ED4A2A1D43E4AD00DE739A /* DestroyerFireDark.png in Resources */ = {isa = PBXBuildFile; fileRef = 24ED49FC1D43E4AD00DE739A /* DestroyerFireDark.png */; };
		24ED4A2B1D43E4AD00DE739A /* DestroyerWhite.png in Resources */ = {isa = PBXBuildFile; fileRef = 24ED49FD1D43E4AD00DE739A /* DestroyerWhite.png */; };
		24ED4A2C1D43E4AD00DE739A /* fireCell.png in Resources */ = {isa = PBXBuildFile; fileRef = 24ED49FE1D43E4AD00DE739A /* fireCell.png */; };
		24ED4A2D1D43E4AD00DE739A /* fireCell.pxm in Resources */ = {isa = PBXBuildFile; fileRef = 24ED49FF1D43E4AD00DE739A /* fireCell.pxm */; };
		24ED4A2E1D43E4AD00DE739A /* firePointDark.png in Resources */ = {isa = PBXBuildFile; fileRef = 24ED4A001D43E4AD00DE739A /* firePointDark.png */; };
		24ED4A2F1D43E4AD00DE739A /* firePointLight.png in Resources */ = {isa = PBXBuildFile; fileRef = 24ED4A011D43E4AD00DE739A /* firePointLight.png */; };
		24ED4A301D43E4AD00DE739A /* fireRoundDark.png in Resources */ = {isa = PBXBuildFile; fileRef = 24ED4A021D43E4AD00DE739A /* fireRoundDark.png */; };
		24ED4A311D43E4AD00DE739A /* fireRoundLight.png in Resources */ = {isa = PBXBuildFile; fileRef = 24ED4A031D43E4AD00DE739A /* fireRoundLight.png */; };
		24ED4A331D43E4AD00DE739A /* line.png in Resources */ = {isa = PBXBuildFile; fileRef = 24ED4A051D43E4AD00DE739A /* line.png */; };
		24ED4A341D43E4AD00DE739A /* lol.png in Resources */ = {isa = PBXBuildFile; fileRef = 24ED4A061D43E4AD00DE739A /* lol.png */; };
		24ED4A351D43E4AD00DE739A /* rocks.png in Resources */ = {isa = PBXBuildFile; fileRef = 24ED4A071D43E4AD00DE739A /* rocks.png */; };
		24ED4A361D43E4AD00DE739A /* rocks2.png in Resources */ = {isa = PBXBuildFile; fileRef = 24ED4A081D43E4AD00DE739A /* rocks2.png */; };
		24ED4A371D43E4AD00DE739A /* rocksHalfSubmerged.png in Resources */ = {isa = PBXBuildFile; fileRef = 24ED4A091D43E4AD00DE739A /* rocksHalfSubmerged.png */; };
		24ED4A381D43E4AD00DE739A /* ShipCell.png in Resources */ = {isa = PBXBuildFile; fileRef = 24ED4A0A1D43E4AD00DE739A /* ShipCell.png */; };
		24ED4A391D43E4AD00DE739A /* ShipCell.pxm in Resources */ = {isa = PBXBuildFile; fileRef = 24ED4A0B1D43E4AD00DE739A /* ShipCell.pxm */; };
		24ED4A3A1D43E4AD00DE739A /* shipCellPointDark.png in Resources */ = {isa = PBXBuildFile; fileRef = 24ED4A0C1D43E4AD00DE739A /* shipCellPointDark.png */; };
		24ED4A3B1D43E4AD00DE739A /* shipCellPointLight.png in Resources */ = {isa = PBXBuildFile; fileRef = 24ED4A0D1D43E4AD00DE739A /* shipCellPointLight.png */; };
		24ED4A3C1D43E4AD00DE739A /* shipCellRoundDark.png in Resources */ = {isa = PBXBuildFile; fileRef = 24ED4A0E1D43E4AD00DE739A /* shipCellRoundDark.png */; };
		24ED4A3D1D43E4AD00DE739A /* ShipCellRounded.pxm in Resources */ = {isa = PBXBuildFile; fileRef = 24ED4A0F1D43E4AD00DE739A /* ShipCellRounded.pxm */; };
		24ED4A3E1D43E4AD00DE739A /* shipCellRoundLight.png in Resources */ = {isa = PBXBuildFile; fileRef = 24ED4A101D43E4AD00DE739A /* shipCellRoundLight.png */; };
		24ED4A3F1D43E4AD00DE739A /* smoke.png in Resources */ = {isa = PBXBuildFile; fileRef = 24ED4A111D43E4AD00DE739A /* smoke.png */; };
		24ED4A401D43E4AD00DE739A /* smokeDarkWater.png in Resources */ = {isa = PBXBuildFile; fileRef = 24ED4A121D43E4AD00DE739A /* smokeDarkWater.png */; };
		24ED4A411D43E4AD00DE739A /* Submarine.png in Resources */ = {isa = PBXBuildFile; fileRef = 24ED4A131D43E4AD00DE739A /* Submarine.png */; };
		24ED4A421D43E4AD00DE739A /* SubmarineCell1.png in Resources */ = {isa = PBXBuildFile; fileRef = 24ED4A141D43E4AD00DE739A /* SubmarineCell1.png */; };
		24ED4A431D43E4AD00DE739A /* SubmarineCell2.png in Resources */ = {isa = PBXBuildFile; fileRef = 24ED4A151D43E4AD00DE739A /* SubmarineCell2.png */; };
		24ED4A441D43E4AD00DE739A /* SubmarineCell3.png in Resources */ = {isa = PBXBuildFile; fileRef = 24ED4A161D43E4AD00DE739A /* SubmarineCell3.png */; };
		24ED4A451D43E4AD00DE739A /* SubmarineWhite.png in Resources */ = {isa = PBXBuildFile; fileRef = 24ED4A171D43E4AD00DE739A /* SubmarineWhite.png */; };
		24ED4A461D43E4AD00DE739A /* WaterCell.png in Resources */ = {isa = PBXBuildFile; fileRef = 24ED4A181D43E4AD00DE739A /* WaterCell.png */; };
		24ED4A471D43E4AD00DE739A /* WaterCell.pxm in Resources */ = {isa = PBXBuildFile; fileRef = 24ED4A191D43E4AD00DE739A /* WaterCell.pxm */; };
		24ED4A481D43E4AD00DE739A /* WaterCellAxis2.png in Resources */ = {isa = PBXBuildFile; fileRef = 24ED4A1A1D43E4AD00DE739A /* WaterCellAxis2.png */; };
		24ED4A491D43E4AD00DE739A /* WaterCellWithDestroyer.pxm in Resources */ = {isa = PBXBuildFile; fileRef = 24ED4A1B1D43E4AD00DE739A /* WaterCellWithDestroyer.pxm */; };
		24ED4A4A1D43E4AD00DE739A /* waterRocks.pxm in Resources */ = {isa = PBXBuildFile; fileRef = 24ED4A1C1D43E4AD00DE739A /* waterRocks.pxm */; };
/* End PBXBuildFile section */

/* Begin PBXContainerItemProxy section */
		247D61981D1F636800598D29 /* PBXContainerItemProxy */ = {
			isa = PBXContainerItemProxy;
			containerPortal = 247D617B1D1F636800598D29 /* Project object */;
			proxyType = 1;
			remoteGlobalIDString = 247D61821D1F636800598D29;
			remoteInfo = Battleship;
		};
		247D61A31D1F636800598D29 /* PBXContainerItemProxy */ = {
			isa = PBXContainerItemProxy;
			containerPortal = 247D617B1D1F636800598D29 /* Project object */;
			proxyType = 1;
			remoteGlobalIDString = 247D61821D1F636800598D29;
			remoteInfo = Battleship;
		};
/* End PBXContainerItemProxy section */

/* Begin PBXFileReference section */
		247D61831D1F636800598D29 /* Battleship.app */ = {isa = PBXFileReference; explicitFileType = wrapper.application; includeInIndex = 0; path = Battleship.app; sourceTree = BUILT_PRODUCTS_DIR; };
		247D61861D1F636800598D29 /* AppDelegate.swift */ = {isa = PBXFileReference; lastKnownFileType = sourcecode.swift; path = AppDelegate.swift; sourceTree = "<group>"; };
		247D61881D1F636800598D29 /* ViewController.swift */ = {isa = PBXFileReference; lastKnownFileType = sourcecode.swift; path = ViewController.swift; sourceTree = "<group>"; };
		247D618B1D1F636800598D29 /* Base */ = {isa = PBXFileReference; lastKnownFileType = file.storyboard; name = Base; path = Base.lproj/Main.storyboard; sourceTree = "<group>"; };
		247D618D1D1F636800598D29 /* Assets.xcassets */ = {isa = PBXFileReference; lastKnownFileType = folder.assetcatalog; path = Assets.xcassets; sourceTree = "<group>"; };
		247D61901D1F636800598D29 /* Base */ = {isa = PBXFileReference; lastKnownFileType = file.storyboard; name = Base; path = Base.lproj/LaunchScreen.storyboard; sourceTree = "<group>"; };
		247D61921D1F636800598D29 /* Info.plist */ = {isa = PBXFileReference; lastKnownFileType = text.plist.xml; path = Info.plist; sourceTree = "<group>"; };
		247D61971D1F636800598D29 /* BattleshipTests.xctest */ = {isa = PBXFileReference; explicitFileType = wrapper.cfbundle; includeInIndex = 0; path = BattleshipTests.xctest; sourceTree = BUILT_PRODUCTS_DIR; };
		247D619B1D1F636800598D29 /* BattleshipTests.swift */ = {isa = PBXFileReference; lastKnownFileType = sourcecode.swift; path = BattleshipTests.swift; sourceTree = "<group>"; };
		247D619D1D1F636800598D29 /* Info.plist */ = {isa = PBXFileReference; lastKnownFileType = text.plist.xml; path = Info.plist; sourceTree = "<group>"; };
		247D61A21D1F636800598D29 /* BattleshipUITests.xctest */ = {isa = PBXFileReference; explicitFileType = wrapper.cfbundle; includeInIndex = 0; path = BattleshipUITests.xctest; sourceTree = BUILT_PRODUCTS_DIR; };
		247D61A61D1F636800598D29 /* BattleshipUITests.swift */ = {isa = PBXFileReference; lastKnownFileType = sourcecode.swift; path = BattleshipUITests.swift; sourceTree = "<group>"; };
		247D61A81D1F636800598D29 /* Info.plist */ = {isa = PBXFileReference; lastKnownFileType = text.plist.xml; path = Info.plist; sourceTree = "<group>"; };
		24A2F8CC1D20251F0048CF7D /* BattleshipEngine.swift */ = {isa = PBXFileReference; fileEncoding = 4; lastKnownFileType = sourcecode.swift; path = BattleshipEngine.swift; sourceTree = "<group>"; };
		24ED49EF1D43E4AD00DE739A /* Battleship.png */ = {isa = PBXFileReference; lastKnownFileType = image.png; path = Battleship.png; sourceTree = SOURCE_ROOT; };
		24ED49F01D43E4AD00DE739A /* BattleshipWhite.png */ = {isa = PBXFileReference; lastKnownFileType = image.png; path = BattleshipWhite.png; sourceTree = SOURCE_ROOT; };
		24ED49F11D43E4AD00DE739A /* BattleshipWhite.pxm */ = {isa = PBXFileReference; lastKnownFileType = file; path = BattleshipWhite.pxm; sourceTree = SOURCE_ROOT; };
		24ED49F21D43E4AD00DE739A /* Carrier.png */ = {isa = PBXFileReference; lastKnownFileType = image.png; path = Carrier.png; sourceTree = SOURCE_ROOT; };
		24ED49F31D43E4AD00DE739A /* CarrierWhite.png */ = {isa = PBXFileReference; lastKnownFileType = image.png; path = CarrierWhite.png; sourceTree = SOURCE_ROOT; };
		24ED49F41D43E4AD00DE739A /* controlPanel.png */ = {isa = PBXFileReference; lastKnownFileType = image.png; path = controlPanel.png; sourceTree = SOURCE_ROOT; };
		24ED49F51D43E4AD00DE739A /* controlPanel.pxm */ = {isa = PBXFileReference; lastKnownFileType = file; path = controlPanel.pxm; sourceTree = SOURCE_ROOT; };
		24ED49F61D43E4AD00DE739A /* Cruiser.png */ = {isa = PBXFileReference; lastKnownFileType = image.png; path = Cruiser.png; sourceTree = SOURCE_ROOT; };
		24ED49F71D43E4AD00DE739A /* CruiserWhite.png */ = {isa = PBXFileReference; lastKnownFileType = image.png; path = CruiserWhite.png; sourceTree = SOURCE_ROOT; };
		24ED49F81D43E4AD00DE739A /* Destroyer.png */ = {isa = PBXFileReference; lastKnownFileType = image.png; path = Destroyer.png; sourceTree = SOURCE_ROOT; };
		24ED49F91D43E4AD00DE739A /* destroyerCell.png */ = {isa = PBXFileReference; lastKnownFileType = image.png; path = destroyerCell.png; sourceTree = SOURCE_ROOT; };
		24ED49FA1D43E4AD00DE739A /* destroyerCellFireLight.png */ = {isa = PBXFileReference; lastKnownFileType = image.png; path = destroyerCellFireLight.png; sourceTree = SOURCE_ROOT; };
		24ED49FB1D43E4AD00DE739A /* destroyerCellLight.png */ = {isa = PBXFileReference; lastKnownFileType = image.png; path = destroyerCellLight.png; sourceTree = SOURCE_ROOT; };
		24ED49FC1D43E4AD00DE739A /* DestroyerFireDark.png */ = {isa = PBXFileReference; lastKnownFileType = image.png; path = DestroyerFireDark.png; sourceTree = SOURCE_ROOT; };
		24ED49FD1D43E4AD00DE739A /* DestroyerWhite.png */ = {isa = PBXFileReference; lastKnownFileType = image.png; path = DestroyerWhite.png; sourceTree = SOURCE_ROOT; };
		24ED49FE1D43E4AD00DE739A /* fireCell.png */ = {isa = PBXFileReference; lastKnownFileType = image.png; path = fireCell.png; sourceTree = SOURCE_ROOT; };
		24ED49FF1D43E4AD00DE739A /* fireCell.pxm */ = {isa = PBXFileReference; lastKnownFileType = file; path = fireCell.pxm; sourceTree = SOURCE_ROOT; };
		24ED4A001D43E4AD00DE739A /* firePointDark.png */ = {isa = PBXFileReference; lastKnownFileType = image.png; path = firePointDark.png; sourceTree = SOURCE_ROOT; };
		24ED4A011D43E4AD00DE739A /* firePointLight.png */ = {isa = PBXFileReference; lastKnownFileType = image.png; path = firePointLight.png; sourceTree = SOURCE_ROOT; };
		24ED4A021D43E4AD00DE739A /* fireRoundDark.png */ = {isa = PBXFileReference; lastKnownFileType = image.png; path = fireRoundDark.png; sourceTree = SOURCE_ROOT; };
		24ED4A031D43E4AD00DE739A /* fireRoundLight.png */ = {isa = PBXFileReference; lastKnownFileType = image.png; path = fireRoundLight.png; sourceTree = SOURCE_ROOT; };
		24ED4A051D43E4AD00DE739A /* line.png */ = {isa = PBXFileReference; lastKnownFileType = image.png; path = line.png; sourceTree = SOURCE_ROOT; };
		24ED4A061D43E4AD00DE739A /* lol.png */ = {isa = PBXFileReference; lastKnownFileType = image.png; path = lol.png; sourceTree = SOURCE_ROOT; };
		24ED4A071D43E4AD00DE739A /* rocks.png */ = {isa = PBXFileReference; lastKnownFileType = image.png; path = rocks.png; sourceTree = SOURCE_ROOT; };
		24ED4A081D43E4AD00DE739A /* rocks2.png */ = {isa = PBXFileReference; lastKnownFileType = image.png; path = rocks2.png; sourceTree = SOURCE_ROOT; };
		24ED4A091D43E4AD00DE739A /* rocksHalfSubmerged.png */ = {isa = PBXFileReference; lastKnownFileType = image.png; path = rocksHalfSubmerged.png; sourceTree = SOURCE_ROOT; };
		24ED4A0A1D43E4AD00DE739A /* ShipCell.png */ = {isa = PBXFileReference; lastKnownFileType = image.png; path = ShipCell.png; sourceTree = SOURCE_ROOT; };
		24ED4A0B1D43E4AD00DE739A /* ShipCell.pxm */ = {isa = PBXFileReference; lastKnownFileType = file; path = ShipCell.pxm; sourceTree = SOURCE_ROOT; };
		24ED4A0C1D43E4AD00DE739A /* shipCellPointDark.png */ = {isa = PBXFileReference; lastKnownFileType = image.png; path = shipCellPointDark.png; sourceTree = SOURCE_ROOT; };
		24ED4A0D1D43E4AD00DE739A /* shipCellPointLight.png */ = {isa = PBXFileReference; lastKnownFileType = image.png; path = shipCellPointLight.png; sourceTree = SOURCE_ROOT; };
		24ED4A0E1D43E4AD00DE739A /* shipCellRoundDark.png */ = {isa = PBXFileReference; lastKnownFileType = image.png; path = shipCellRoundDark.png; sourceTree = SOURCE_ROOT; };
		24ED4A0F1D43E4AD00DE739A /* ShipCellRounded.pxm */ = {isa = PBXFileReference; lastKnownFileType = file; path = ShipCellRounded.pxm; sourceTree = SOURCE_ROOT; };
		24ED4A101D43E4AD00DE739A /* shipCellRoundLight.png */ = {isa = PBXFileReference; lastKnownFileType = image.png; path = shipCellRoundLight.png; sourceTree = SOURCE_ROOT; };
		24ED4A111D43E4AD00DE739A /* smoke.png */ = {isa = PBXFileReference; lastKnownFileType = image.png; path = smoke.png; sourceTree = SOURCE_ROOT; };
		24ED4A121D43E4AD00DE739A /* smokeDarkWater.png */ = {isa = PBXFileReference; lastKnownFileType = image.png; path = smokeDarkWater.png; sourceTree = SOURCE_ROOT; };
		24ED4A131D43E4AD00DE739A /* Submarine.png */ = {isa = PBXFileReference; lastKnownFileType = image.png; path = Submarine.png; sourceTree = SOURCE_ROOT; };
		24ED4A141D43E4AD00DE739A /* SubmarineCell1.png */ = {isa = PBXFileReference; lastKnownFileType = image.png; path = SubmarineCell1.png; sourceTree = SOURCE_ROOT; };
		24ED4A151D43E4AD00DE739A /* SubmarineCell2.png */ = {isa = PBXFileReference; lastKnownFileType = image.png; path = SubmarineCell2.png; sourceTree = SOURCE_ROOT; };
		24ED4A161D43E4AD00DE739A /* SubmarineCell3.png */ = {isa = PBXFileReference; lastKnownFileType = image.png; path = SubmarineCell3.png; sourceTree = SOURCE_ROOT; };
		24ED4A171D43E4AD00DE739A /* SubmarineWhite.png */ = {isa = PBXFileReference; lastKnownFileType = image.png; path = SubmarineWhite.png; sourceTree = SOURCE_ROOT; };
		24ED4A181D43E4AD00DE739A /* WaterCell.png */ = {isa = PBXFileReference; lastKnownFileType = image.png; path = WaterCell.png; sourceTree = SOURCE_ROOT; };
		24ED4A191D43E4AD00DE739A /* WaterCell.pxm */ = {isa = PBXFileReference; lastKnownFileType = file; path = WaterCell.pxm; sourceTree = SOURCE_ROOT; };
		24ED4A1A1D43E4AD00DE739A /* WaterCellAxis2.png */ = {isa = PBXFileReference; lastKnownFileType = image.png; path = WaterCellAxis2.png; sourceTree = SOURCE_ROOT; };
		24ED4A1B1D43E4AD00DE739A /* WaterCellWithDestroyer.pxm */ = {isa = PBXFileReference; lastKnownFileType = file; path = WaterCellWithDestroyer.pxm; sourceTree = SOURCE_ROOT; };
		24ED4A1C1D43E4AD00DE739A /* waterRocks.pxm */ = {isa = PBXFileReference; lastKnownFileType = file; path = waterRocks.pxm; sourceTree = SOURCE_ROOT; };
/* End PBXFileReference section */

/* Begin PBXFrameworksBuildPhase section */
		247D61801D1F636800598D29 /* Frameworks */ = {
			isa = PBXFrameworksBuildPhase;
			buildActionMask = 2147483647;
			files = (
			);
			runOnlyForDeploymentPostprocessing = 0;
		};
		247D61941D1F636800598D29 /* Frameworks */ = {
			isa = PBXFrameworksBuildPhase;
			buildActionMask = 2147483647;
			files = (
			);
			runOnlyForDeploymentPostprocessing = 0;
		};
		247D619F1D1F636800598D29 /* Frameworks */ = {
			isa = PBXFrameworksBuildPhase;
			buildActionMask = 2147483647;
			files = (
			);
			runOnlyForDeploymentPostprocessing = 0;
		};
/* End PBXFrameworksBuildPhase section */

/* Begin PBXGroup section */
		247D617A1D1F636800598D29 = {
			isa = PBXGroup;
			children = (
				247D61851D1F636800598D29 /* Battleship */,
				247D619A1D1F636800598D29 /* BattleshipTests */,
				247D61A51D1F636800598D29 /* BattleshipUITests */,
				247D61841D1F636800598D29 /* Products */,
			);
			sourceTree = "<group>";
		};
		247D61841D1F636800598D29 /* Products */ = {
			isa = PBXGroup;
			children = (
				247D61831D1F636800598D29 /* Battleship.app */,
				247D61971D1F636800598D29 /* BattleshipTests.xctest */,
				247D61A21D1F636800598D29 /* BattleshipUITests.xctest */,
			);
			name = Products;
			sourceTree = "<group>";
		};
		247D61851D1F636800598D29 /* Battleship */ = {
			isa = PBXGroup;
			children = (
				247D61861D1F636800598D29 /* AppDelegate.swift */,
				247D61881D1F636800598D29 /* ViewController.swift */,
				247D618A1D1F636800598D29 /* Main.storyboard */,
				24A2F8CC1D20251F0048CF7D /* BattleshipEngine.swift */,
				247D618D1D1F636800598D29 /* Assets.xcassets */,
				247D618F1D1F636800598D29 /* LaunchScreen.storyboard */,
				247D61921D1F636800598D29 /* Info.plist */,
				24ED49EF1D43E4AD00DE739A /* Battleship.png */,
				24ED49F01D43E4AD00DE739A /* BattleshipWhite.png */,
				24ED49F11D43E4AD00DE739A /* BattleshipWhite.pxm */,
				24ED49F21D43E4AD00DE739A /* Carrier.png */,
				24ED49F31D43E4AD00DE739A /* CarrierWhite.png */,
				24ED49F41D43E4AD00DE739A /* controlPanel.png */,
				24ED49F51D43E4AD00DE739A /* controlPanel.pxm */,
				24ED49F61D43E4AD00DE739A /* Cruiser.png */,
				24ED49F71D43E4AD00DE739A /* CruiserWhite.png */,
				24ED49F81D43E4AD00DE739A /* Destroyer.png */,
				24ED49F91D43E4AD00DE739A /* destroyerCell.png */,
				24ED49FA1D43E4AD00DE739A /* destroyerCellFireLight.png */,
				24ED49FB1D43E4AD00DE739A /* destroyerCellLight.png */,
				24ED49FC1D43E4AD00DE739A /* DestroyerFireDark.png */,
				24ED49FD1D43E4AD00DE739A /* DestroyerWhite.png */,
				24ED49FE1D43E4AD00DE739A /* fireCell.png */,
				24ED49FF1D43E4AD00DE739A /* fireCell.pxm */,
				24ED4A001D43E4AD00DE739A /* firePointDark.png */,
				24ED4A011D43E4AD00DE739A /* firePointLight.png */,
				24ED4A021D43E4AD00DE739A /* fireRoundDark.png */,
				24ED4A031D43E4AD00DE739A /* fireRoundLight.png */,
				24ED4A051D43E4AD00DE739A /* line.png */,
				24ED4A061D43E4AD00DE739A /* lol.png */,
				24ED4A071D43E4AD00DE739A /* rocks.png */,
				24ED4A081D43E4AD00DE739A /* rocks2.png */,
				24ED4A091D43E4AD00DE739A /* rocksHalfSubmerged.png */,
				24ED4A0A1D43E4AD00DE739A /* ShipCell.png */,
				24ED4A0B1D43E4AD00DE739A /* ShipCell.pxm */,
				24ED4A0C1D43E4AD00DE739A /* shipCellPointDark.png */,
				24ED4A0D1D43E4AD00DE739A /* shipCellPointLight.png */,
				24ED4A0E1D43E4AD00DE739A /* shipCellRoundDark.png */,
				24ED4A0F1D43E4AD00DE739A /* ShipCellRounded.pxm */,
				24ED4A101D43E4AD00DE739A /* shipCellRoundLight.png */,
				24ED4A111D43E4AD00DE739A /* smoke.png */,
				24ED4A121D43E4AD00DE739A /* smokeDarkWater.png */,
				24ED4A131D43E4AD00DE739A /* Submarine.png */,
				24ED4A141D43E4AD00DE739A /* SubmarineCell1.png */,
				24ED4A151D43E4AD00DE739A /* SubmarineCell2.png */,
				24ED4A161D43E4AD00DE739A /* SubmarineCell3.png */,
				24ED4A171D43E4AD00DE739A /* SubmarineWhite.png */,
				24ED4A181D43E4AD00DE739A /* WaterCell.png */,
				24ED4A191D43E4AD00DE739A /* WaterCell.pxm */,
				24ED4A1A1D43E4AD00DE739A /* WaterCellAxis2.png */,
				24ED4A1B1D43E4AD00DE739A /* WaterCellWithDestroyer.pxm */,
				24ED4A1C1D43E4AD00DE739A /* waterRocks.pxm */,
			);
			path = Battleship;
			sourceTree = "<group>";
		};
		247D619A1D1F636800598D29 /* BattleshipTests */ = {
			isa = PBXGroup;
			children = (
				247D619B1D1F636800598D29 /* BattleshipTests.swift */,
				247D619D1D1F636800598D29 /* Info.plist */,
			);
			path = BattleshipTests;
			sourceTree = "<group>";
		};
		247D61A51D1F636800598D29 /* BattleshipUITests */ = {
			isa = PBXGroup;
			children = (
				247D61A61D1F636800598D29 /* BattleshipUITests.swift */,
				247D61A81D1F636800598D29 /* Info.plist */,
			);
			path = BattleshipUITests;
			sourceTree = "<group>";
		};
/* End PBXGroup section */

/* Begin PBXNativeTarget section */
		247D61821D1F636800598D29 /* Battleship */ = {
			isa = PBXNativeTarget;
			buildConfigurationList = 247D61AB1D1F636900598D29 /* Build configuration list for PBXNativeTarget "Battleship" */;
			buildPhases = (
				247D617F1D1F636800598D29 /* Sources */,
				247D61801D1F636800598D29 /* Frameworks */,
				247D61811D1F636800598D29 /* Resources */,
			);
			buildRules = (
			);
			dependencies = (
			);
			name = Battleship;
			productName = Battleship;
			productReference = 247D61831D1F636800598D29 /* Battleship.app */;
			productType = "com.apple.product-type.application";
		};
		247D61961D1F636800598D29 /* BattleshipTests */ = {
			isa = PBXNativeTarget;
			buildConfigurationList = 247D61AE1D1F636900598D29 /* Build configuration list for PBXNativeTarget "BattleshipTests" */;
			buildPhases = (
				247D61931D1F636800598D29 /* Sources */,
				247D61941D1F636800598D29 /* Frameworks */,
				247D61951D1F636800598D29 /* Resources */,
			);
			buildRules = (
			);
			dependencies = (
				247D61991D1F636800598D29 /* PBXTargetDependency */,
			);
			name = BattleshipTests;
			productName = BattleshipTests;
			productReference = 247D61971D1F636800598D29 /* BattleshipTests.xctest */;
			productType = "com.apple.product-type.bundle.unit-test";
		};
		247D61A11D1F636800598D29 /* BattleshipUITests */ = {
			isa = PBXNativeTarget;
			buildConfigurationList = 247D61B11D1F636900598D29 /* Build configuration list for PBXNativeTarget "BattleshipUITests" */;
			buildPhases = (
				247D619E1D1F636800598D29 /* Sources */,
				247D619F1D1F636800598D29 /* Frameworks */,
				247D61A01D1F636800598D29 /* Resources */,
			);
			buildRules = (
			);
			dependencies = (
				247D61A41D1F636800598D29 /* PBXTargetDependency */,
			);
			name = BattleshipUITests;
			productName = BattleshipUITests;
			productReference = 247D61A21D1F636800598D29 /* BattleshipUITests.xctest */;
			productType = "com.apple.product-type.bundle.ui-testing";
		};
/* End PBXNativeTarget section */

/* Begin PBXProject section */
		247D617B1D1F636800598D29 /* Project object */ = {
			isa = PBXProject;
			attributes = {
				KnownAssetTags = (
					0,
					1,
					"1 0",
				);
				LastSwiftUpdateCheck = 0730;
				LastUpgradeCheck = 0730;
				ORGANIZATIONNAME = "Sawyer Blatz";
				TargetAttributes = {
					247D61821D1F636800598D29 = {
						CreatedOnToolsVersion = 7.3.1;
						DevelopmentTeam = Q72GMFLLR4;
					};
					247D61961D1F636800598D29 = {
						CreatedOnToolsVersion = 7.3.1;
						TestTargetID = 247D61821D1F636800598D29;
					};
					247D61A11D1F636800598D29 = {
						CreatedOnToolsVersion = 7.3.1;
						TestTargetID = 247D61821D1F636800598D29;
					};
				};
			};
			buildConfigurationList = 247D617E1D1F636800598D29 /* Build configuration list for PBXProject "Battleship" */;
			compatibilityVersion = "Xcode 3.2";
			developmentRegion = English;
			hasScannedForEncodings = 0;
			knownRegions = (
				en,
				Base,
			);
			mainGroup = 247D617A1D1F636800598D29;
			productRefGroup = 247D61841D1F636800598D29 /* Products */;
			projectDirPath = "";
			projectRoot = "";
			targets = (
				247D61821D1F636800598D29 /* Battleship */,
				247D61961D1F636800598D29 /* BattleshipTests */,
				247D61A11D1F636800598D29 /* BattleshipUITests */,
			);
		};
/* End PBXProject section */

/* Begin PBXResourcesBuildPhase section */
		247D61811D1F636800598D29 /* Resources */ = {
			isa = PBXResourcesBuildPhase;
			buildActionMask = 2147483647;
			files = (
				24ED4A451D43E4AD00DE739A /* SubmarineWhite.png in Resources */,
				247D61911D1F636800598D29 /* LaunchScreen.storyboard in Resources */,
				24ED4A4A1D43E4AD00DE739A /* waterRocks.pxm in Resources */,
				24ED4A351D43E4AD00DE739A /* rocks.png in Resources */,
				24ED4A391D43E4AD00DE739A /* ShipCell.pxm in Resources */,
				24ED4A2B1D43E4AD00DE739A /* DestroyerWhite.png in Resources */,
				24ED4A281D43E4AD00DE739A /* destroyerCellFireLight.png in Resources */,
				24ED4A2F1D43E4AD00DE739A /* firePointLight.png in Resources */,
				24ED4A291D43E4AD00DE739A /* destroyerCellLight.png in Resources */,
				24ED4A251D43E4AD00DE739A /* CruiserWhite.png in Resources */,
				24ED4A1F1D43E4AD00DE739A /* BattleshipWhite.pxm in Resources */,
				24ED4A1D1D43E4AD00DE739A /* Battleship.png in Resources */,
				24ED4A2A1D43E4AD00DE739A /* DestroyerFireDark.png in Resources */,
				24ED4A2C1D43E4AD00DE739A /* fireCell.png in Resources */,
				24ED4A431D43E4AD00DE739A /* SubmarineCell2.png in Resources */,
				247D618E1D1F636800598D29 /* Assets.xcassets in Resources */,
				24ED4A311D43E4AD00DE739A /* fireRoundLight.png in Resources */,
				24ED4A421D43E4AD00DE739A /* SubmarineCell1.png in Resources */,
				24ED4A481D43E4AD00DE739A /* WaterCellAxis2.png in Resources */,
				24ED4A271D43E4AD00DE739A /* destroyerCell.png in Resources */,
				24ED4A3E1D43E4AD00DE739A /* shipCellRoundLight.png in Resources */,
				24ED4A221D43E4AD00DE739A /* controlPanel.png in Resources */,
				24ED4A461D43E4AD00DE739A /* WaterCell.png in Resources */,
				24ED4A341D43E4AD00DE739A /* lol.png in Resources */,
				24ED4A211D43E4AD00DE739A /* CarrierWhite.png in Resources */,
				24ED4A441D43E4AD00DE739A /* SubmarineCell3.png in Resources */,
				24ED4A471D43E4AD00DE739A /* WaterCell.pxm in Resources */,
				24ED4A3D1D43E4AD00DE739A /* ShipCellRounded.pxm in Resources */,
				24ED4A3A1D43E4AD00DE739A /* shipCellPointDark.png in Resources */,
				24ED4A491D43E4AD00DE739A /* WaterCellWithDestroyer.pxm in Resources */,
				24ED4A401D43E4AD00DE739A /* smokeDarkWater.png in Resources */,
				24ED4A261D43E4AD00DE739A /* Destroyer.png in Resources */,
				24ED4A361D43E4AD00DE739A /* rocks2.png in Resources */,
				24ED4A371D43E4AD00DE739A /* rocksHalfSubmerged.png in Resources */,
				24ED4A3F1D43E4AD00DE739A /* smoke.png in Resources */,
				24ED4A331D43E4AD00DE739A /* line.png in Resources */,
				24ED4A381D43E4AD00DE739A /* ShipCell.png in Resources */,
				24ED4A231D43E4AD00DE739A /* controlPanel.pxm in Resources */,
				24ED4A411D43E4AD00DE739A /* Submarine.png in Resources */,
				24ED4A301D43E4AD00DE739A /* fireRoundDark.png in Resources */,
				24ED4A2E1D43E4AD00DE739A /* firePointDark.png in Resources */,
				24ED4A201D43E4AD00DE739A /* Carrier.png in Resources */,
				24ED4A3B1D43E4AD00DE739A /* shipCellPointLight.png in Resources */,
				24ED4A241D43E4AD00DE739A /* Cruiser.png in Resources */,
				24ED4A2D1D43E4AD00DE739A /* fireCell.pxm in Resources */,
				24ED4A3C1D43E4AD00DE739A /* shipCellRoundDark.png in Resources */,
				24ED4A1E1D43E4AD00DE739A /* BattleshipWhite.png in Resources */,
				247D618C1D1F636800598D29 /* Main.storyboard in Resources */,
			);
			runOnlyForDeploymentPostprocessing = 0;
		};
		247D61951D1F636800598D29 /* Resources */ = {
			isa = PBXResourcesBuildPhase;
			buildActionMask = 2147483647;
			files = (
			);
			runOnlyForDeploymentPostprocessing = 0;
		};
		247D61A01D1F636800598D29 /* Resources */ = {
			isa = PBXResourcesBuildPhase;
			buildActionMask = 2147483647;
			files = (
			);
			runOnlyForDeploymentPostprocessing = 0;
		};
/* End PBXResourcesBuildPhase section */

/* Begin PBXSourcesBuildPhase section */
		247D617F1D1F636800598D29 /* Sources */ = {
			isa = PBXSourcesBuildPhase;
			buildActionMask = 2147483647;
			files = (
				247D61891D1F636800598D29 /* ViewController.swift in Sources */,
				24A2F8CD1D20251F0048CF7D /* BattleshipEngine.swift in Sources */,
				247D61871D1F636800598D29 /* AppDelegate.swift in Sources */,
			);
			runOnlyForDeploymentPostprocessing = 0;
		};
		247D61931D1F636800598D29 /* Sources */ = {
			isa = PBXSourcesBuildPhase;
			buildActionMask = 2147483647;
			files = (
				247D619C1D1F636800598D29 /* BattleshipTests.swift in Sources */,
			);
			runOnlyForDeploymentPostprocessing = 0;
		};
		247D619E1D1F636800598D29 /* Sources */ = {
			isa = PBXSourcesBuildPhase;
			buildActionMask = 2147483647;
			files = (
				247D61A71D1F636800598D29 /* BattleshipUITests.swift in Sources */,
			);
			runOnlyForDeploymentPostprocessing = 0;
		};
/* End PBXSourcesBuildPhase section */

/* Begin PBXTargetDependency section */
		247D61991D1F636800598D29 /* PBXTargetDependency */ = {
			isa = PBXTargetDependency;
			target = 247D61821D1F636800598D29 /* Battleship */;
			targetProxy = 247D61981D1F636800598D29 /* PBXContainerItemProxy */;
		};
		247D61A41D1F636800598D29 /* PBXTargetDependency */ = {
			isa = PBXTargetDependency;
			target = 247D61821D1F636800598D29 /* Battleship */;
			targetProxy = 247D61A31D1F636800598D29 /* PBXContainerItemProxy */;
		};
/* End PBXTargetDependency section */

/* Begin PBXVariantGroup section */
		247D618A1D1F636800598D29 /* Main.storyboard */ = {
			isa = PBXVariantGroup;
			children = (
				247D618B1D1F636800598D29 /* Base */,
			);
			name = Main.storyboard;
			sourceTree = "<group>";
		};
		247D618F1D1F636800598D29 /* LaunchScreen.storyboard */ = {
			isa = PBXVariantGroup;
			children = (
				247D61901D1F636800598D29 /* Base */,
			);
			name = LaunchScreen.storyboard;
			sourceTree = "<group>";
		};
/* End PBXVariantGroup section */

/* Begin XCBuildConfiguration section */
		247D61A91D1F636900598D29 /* Debug */ = {
			isa = XCBuildConfiguration;
			buildSettings = {
				ALWAYS_SEARCH_USER_PATHS = NO;
				CLANG_ANALYZER_NONNULL = YES;
				CLANG_CXX_LANGUAGE_STANDARD = "gnu++0x";
				CLANG_CXX_LIBRARY = "libc++";
				CLANG_ENABLE_MODULES = YES;
				CLANG_ENABLE_OBJC_ARC = YES;
				CLANG_WARN_BOOL_CONVERSION = YES;
				CLANG_WARN_CONSTANT_CONVERSION = YES;
				CLANG_WARN_DIRECT_OBJC_ISA_USAGE = YES_ERROR;
				CLANG_WARN_EMPTY_BODY = YES;
				CLANG_WARN_ENUM_CONVERSION = YES;
				CLANG_WARN_INT_CONVERSION = YES;
				CLANG_WARN_OBJC_ROOT_CLASS = YES_ERROR;
				CLANG_WARN_UNREACHABLE_CODE = YES;
				CLANG_WARN__DUPLICATE_METHOD_MATCH = YES;
				"CODE_SIGN_IDENTITY[sdk=iphoneos*]" = "iPhone Developer";
				COPY_PHASE_STRIP = NO;
				DEBUG_INFORMATION_FORMAT = dwarf;
				ENABLE_STRICT_OBJC_MSGSEND = YES;
				ENABLE_TESTABILITY = YES;
				GCC_C_LANGUAGE_STANDARD = gnu99;
				GCC_DYNAMIC_NO_PIC = NO;
				GCC_NO_COMMON_BLOCKS = YES;
				GCC_OPTIMIZATION_LEVEL = 0;
				GCC_PREPROCESSOR_DEFINITIONS = (
					"DEBUG=1",
					"$(inherited)",
				);
				GCC_WARN_64_TO_32_BIT_CONVERSION = YES;
				GCC_WARN_ABOUT_RETURN_TYPE = YES_ERROR;
				GCC_WARN_UNDECLARED_SELECTOR = YES;
				GCC_WARN_UNINITIALIZED_AUTOS = YES_AGGRESSIVE;
				GCC_WARN_UNUSED_FUNCTION = YES;
				GCC_WARN_UNUSED_VARIABLE = YES;
				IPHONEOS_DEPLOYMENT_TARGET = 9.3;
				MTL_ENABLE_DEBUG_INFO = YES;
				ONLY_ACTIVE_ARCH = YES;
				SDKROOT = iphoneos;
				SWIFT_OPTIMIZATION_LEVEL = "-Onone";
				TARGETED_DEVICE_FAMILY = "1,2";
			};
			name = Debug;
		};
		247D61AA1D1F636900598D29 /* Release */ = {
			isa = XCBuildConfiguration;
			buildSettings = {
				ALWAYS_SEARCH_USER_PATHS = NO;
				CLANG_ANALYZER_NONNULL = YES;
				CLANG_CXX_LANGUAGE_STANDARD = "gnu++0x";
				CLANG_CXX_LIBRARY = "libc++";
				CLANG_ENABLE_MODULES = YES;
				CLANG_ENABLE_OBJC_ARC = YES;
				CLANG_WARN_BOOL_CONVERSION = YES;
				CLANG_WARN_CONSTANT_CONVERSION = YES;
				CLANG_WARN_DIRECT_OBJC_ISA_USAGE = YES_ERROR;
				CLANG_WARN_EMPTY_BODY = YES;
				CLANG_WARN_ENUM_CONVERSION = YES;
				CLANG_WARN_INT_CONVERSION = YES;
				CLANG_WARN_OBJC_ROOT_CLASS = YES_ERROR;
				CLANG_WARN_UNREACHABLE_CODE = YES;
				CLANG_WARN__DUPLICATE_METHOD_MATCH = YES;
				"CODE_SIGN_IDENTITY[sdk=iphoneos*]" = "iPhone Developer";
				COPY_PHASE_STRIP = NO;
				DEBUG_INFORMATION_FORMAT = "dwarf-with-dsym";
				ENABLE_NS_ASSERTIONS = NO;
				ENABLE_STRICT_OBJC_MSGSEND = YES;
				GCC_C_LANGUAGE_STANDARD = gnu99;
				GCC_NO_COMMON_BLOCKS = YES;
				GCC_WARN_64_TO_32_BIT_CONVERSION = YES;
				GCC_WARN_ABOUT_RETURN_TYPE = YES_ERROR;
				GCC_WARN_UNDECLARED_SELECTOR = YES;
				GCC_WARN_UNINITIALIZED_AUTOS = YES_AGGRESSIVE;
				GCC_WARN_UNUSED_FUNCTION = YES;
				GCC_WARN_UNUSED_VARIABLE = YES;
				IPHONEOS_DEPLOYMENT_TARGET = 9.3;
				MTL_ENABLE_DEBUG_INFO = NO;
				SDKROOT = iphoneos;
				TARGETED_DEVICE_FAMILY = "1,2";
				VALIDATE_PRODUCT = YES;
			};
			name = Release;
		};
		247D61AC1D1F636900598D29 /* Debug */ = {
			isa = XCBuildConfiguration;
			buildSettings = {
				ASSETCATALOG_COMPILER_APPICON_NAME = AppIcon;
				CODE_SIGN_IDENTITY = "iPhone Developer";
				"CODE_SIGN_IDENTITY[sdk=iphoneos*]" = "iPhone Developer";
				INFOPLIST_FILE = Battleship/Info.plist;
				LD_RUNPATH_SEARCH_PATHS = "$(inherited) @executable_path/Frameworks";
				PRODUCT_BUNDLE_IDENTIFIER = com.soysauce44.Battleship;
				PRODUCT_NAME = "$(TARGET_NAME)";
				PROVISIONING_PROFILE = "";
				TARGETED_DEVICE_FAMILY = 2;
			};
			name = Debug;
		};
		247D61AD1D1F636900598D29 /* Release */ = {
			isa = XCBuildConfiguration;
			buildSettings = {
				ASSETCATALOG_COMPILER_APPICON_NAME = AppIcon;
				CODE_SIGN_IDENTITY = "iPhone Developer";
				"CODE_SIGN_IDENTITY[sdk=iphoneos*]" = "iPhone Developer";
				INFOPLIST_FILE = Battleship/Info.plist;
				LD_RUNPATH_SEARCH_PATHS = "$(inherited) @executable_path/Frameworks";
				PRODUCT_BUNDLE_IDENTIFIER = com.soysauce44.Battleship;
				PRODUCT_NAME = "$(TARGET_NAME)";
				PROVISIONING_PROFILE = "";
				TARGETED_DEVICE_FAMILY = 2;
			};
			name = Release;
		};
		247D61AF1D1F636900598D29 /* Debug */ = {
			isa = XCBuildConfiguration;
			buildSettings = {
				BUNDLE_LOADER = "$(TEST_HOST)";
				INFOPLIST_FILE = BattleshipTests/Info.plist;
				LD_RUNPATH_SEARCH_PATHS = "$(inherited) @executable_path/Frameworks @loader_path/Frameworks";
				PRODUCT_BUNDLE_IDENTIFIER = com.soysauce44.BattleshipTests;
				PRODUCT_NAME = "$(TARGET_NAME)";
				TEST_HOST = "$(BUILT_PRODUCTS_DIR)/Battleship.app/Battleship";
			};
			name = Debug;
		};
		247D61B01D1F636900598D29 /* Release */ = {
			isa = XCBuildConfiguration;
			buildSettings = {
				BUNDLE_LOADER = "$(TEST_HOST)";
				INFOPLIST_FILE = BattleshipTests/Info.plist;
				LD_RUNPATH_SEARCH_PATHS = "$(inherited) @executable_path/Frameworks @loader_path/Frameworks";
				PRODUCT_BUNDLE_IDENTIFIER = com.soysauce44.BattleshipTests;
				PRODUCT_NAME = "$(TARGET_NAME)";
				TEST_HOST = "$(BUILT_PRODUCTS_DIR)/Battleship.app/Battleship";
			};
			name = Release;
		};
		247D61B21D1F636900598D29 /* Debug */ = {
			isa = XCBuildConfiguration;
			buildSettings = {
				INFOPLIST_FILE = BattleshipUITests/Info.plist;
				LD_RUNPATH_SEARCH_PATHS = "$(inherited) @executable_path/Frameworks @loader_path/Frameworks";
				PRODUCT_BUNDLE_IDENTIFIER = com.soysauce44.BattleshipUITests;
				PRODUCT_NAME = "$(TARGET_NAME)";
				TEST_TARGET_NAME = Battleship;
			};
			name = Debug;
		};
		247D61B31D1F636900598D29 /* Release */ = {
			isa = XCBuildConfiguration;
			buildSettings = {
				INFOPLIST_FILE = BattleshipUITests/Info.plist;
				LD_RUNPATH_SEARCH_PATHS = "$(inherited) @executable_path/Frameworks @loader_path/Frameworks";
				PRODUCT_BUNDLE_IDENTIFIER = com.soysauce44.BattleshipUITests;
				PRODUCT_NAME = "$(TARGET_NAME)";
				TEST_TARGET_NAME = Battleship;
			};
			name = Release;
		};
/* End XCBuildConfiguration section */

/* Begin XCConfigurationList section */
		247D617E1D1F636800598D29 /* Build configuration list for PBXProject "Battleship" */ = {
			isa = XCConfigurationList;
			buildConfigurations = (
				247D61A91D1F636900598D29 /* Debug */,
				247D61AA1D1F636900598D29 /* Release */,
			);
			defaultConfigurationIsVisible = 0;
			defaultConfigurationName = Release;
		};
		247D61AB1D1F636900598D29 /* Build configuration list for PBXNativeTarget "Battleship" */ = {
			isa = XCConfigurationList;
			buildConfigurations = (
				247D61AC1D1F636900598D29 /* Debug */,
				247D61AD1D1F636900598D29 /* Release */,
			);
			defaultConfigurationIsVisible = 0;
			defaultConfigurationName = Release;
		};
		247D61AE1D1F636900598D29 /* Build configuration list for PBXNativeTarget "BattleshipTests" */ = {
			isa = XCConfigurationList;
			buildConfigurations = (
				247D61AF1D1F636900598D29 /* Debug */,
				247D61B01D1F636900598D29 /* Release */,
			);
			defaultConfigurationIsVisible = 0;
			defaultConfigurationName = Release;
		};
		247D61B11D1F636900598D29 /* Build configuration list for PBXNativeTarget "BattleshipUITests" */ = {
			isa = XCConfigurationList;
			buildConfigurations = (
				247D61B21D1F636900598D29 /* Debug */,
				247D61B31D1F636900598D29 /* Release */,
			);
			defaultConfigurationIsVisible = 0;
			defaultConfigurationName = Release;
		};
/* End XCConfigurationList section */
	};
	rootObject = 247D617B1D1F636800598D29 /* Project object */;
}
